// !$*UTF8*$!
{
	archiveVersion = 1;
	classes = {
	};
	objectVersion = 46;
	objects = {

/* Begin PBXBuildFile section */
		044AC2761D8E24D900EC908C /* TheYellowView.m in Sources */ = {isa = PBXBuildFile; fileRef = 044AC2751D8E24D900EC908C /* TheYellowView.m */; };
		044AC27C1D8E6ABD00EC908C /* LittleButton.m in Sources */ = {isa = PBXBuildFile; fileRef = 044AC27B1D8E6ABD00EC908C /* LittleButton.m */; };
		045DBE961D80220F00CEAB63 /* main.m in Sources */ = {isa = PBXBuildFile; fileRef = 045DBE951D80220F00CEAB63 /* main.m */; };
		045DBEA21D80220F00CEAB63 /* Healer.xcdatamodeld in Sources */ = {isa = PBXBuildFile; fileRef = 045DBEA01D80220F00CEAB63 /* Healer.xcdatamodeld */; };
		045DBEA41D80220F00CEAB63 /* Assets.xcassets in Resources */ = {isa = PBXBuildFile; fileRef = 045DBEA31D80220F00CEAB63 /* Assets.xcassets */; };
		045DBEB21D80220F00CEAB63 /* HealerTests.m in Sources */ = {isa = PBXBuildFile; fileRef = 045DBEB11D80220F00CEAB63 /* HealerTests.m */; };
		045DBEBD1D80220F00CEAB63 /* HealerUITests.m in Sources */ = {isa = PBXBuildFile; fileRef = 045DBEBC1D80220F00CEAB63 /* HealerUITests.m */; };
		045DBED11D8023BB00CEAB63 /* AppDelegate.m in Sources */ = {isa = PBXBuildFile; fileRef = 045DBECE1D8023BB00CEAB63 /* AppDelegate.m */; };
		045DBEF11D80259A00CEAB63 /* HyHomeViewController.m in Sources */ = {isa = PBXBuildFile; fileRef = 045DBEF01D80259A00CEAB63 /* HyHomeViewController.m */; };
		045DBEF41D802A5900CEAB63 /* HySetViewController.m in Sources */ = {isa = PBXBuildFile; fileRef = 045DBEF31D802A5900CEAB63 /* HySetViewController.m */; };
		045DBEF71D802A7600CEAB63 /* HyFlyViewController.m in Sources */ = {isa = PBXBuildFile; fileRef = 045DBEF61D802A7600CEAB63 /* HyFlyViewController.m */; };
		045DBEFA1D802A8E00CEAB63 /* HyMassageViewController.m in Sources */ = {isa = PBXBuildFile; fileRef = 045DBEF91D802A8E00CEAB63 /* HyMassageViewController.m */; };
		045DBF001D80379500CEAB63 /* HyBaseViewController.m in Sources */ = {isa = PBXBuildFile; fileRef = 045DBEFF1D80379500CEAB63 /* HyBaseViewController.m */; };
		045DBF0C1D8144AF00CEAB63 /* HyCustomScrollView.m in Sources */ = {isa = PBXBuildFile; fileRef = 045DBF0B1D8144AF00CEAB63 /* HyCustomScrollView.m */; };
		045DBF151D81712300CEAB63 /* FellTableViewCell.m in Sources */ = {isa = PBXBuildFile; fileRef = 045DBF101D81712300CEAB63 /* FellTableViewCell.m */; };
		045DBF161D81712300CEAB63 /* FellTableViewCell.xib in Resources */ = {isa = PBXBuildFile; fileRef = 045DBF111D81712300CEAB63 /* FellTableViewCell.xib */; };
		045DBF171D81712300CEAB63 /* hotMoreView.m in Sources */ = {isa = PBXBuildFile; fileRef = 045DBF131D81712300CEAB63 /* hotMoreView.m */; };
		045DBF181D81712300CEAB63 /* hotMoreView.xib in Resources */ = {isa = PBXBuildFile; fileRef = 045DBF141D81712300CEAB63 /* hotMoreView.xib */; };
		045DBF1B1D81712900CEAB63 /* HotTalk.m in Sources */ = {isa = PBXBuildFile; fileRef = 045DBF1A1D81712900CEAB63 /* HotTalk.m */; };
		045DBF1D1D8179BA00CEAB63 /* hottalk.plist in Resources */ = {isa = PBXBuildFile; fileRef = 045DBF1C1D8179BA00CEAB63 /* hottalk.plist */; };
		051C30CF5419EBB200659EE8 /* libPods-Healer.a in Frameworks */ = {isa = PBXBuildFile; fileRef = 7B8467715469124D0E7CB863 /* libPods-Healer.a */; };
		3BA93BD4B35B96E1291BAAD0 /* libPods-HealerUITests.a in Frameworks */ = {isa = PBXBuildFile; fileRef = 88ED2B00D85A9EAEB157004C /* libPods-HealerUITests.a */; };
		901D41A6D6448326EB455E16 /* libPods-HealerTests.a in Frameworks */ = {isa = PBXBuildFile; fileRef = 7751DE73A49ADEF1E4ECA6E9 /* libPods-HealerTests.a */; };
/* End PBXBuildFile section */

/* Begin PBXContainerItemProxy section */
		045DBEAE1D80220F00CEAB63 /* PBXContainerItemProxy */ = {
			isa = PBXContainerItemProxy;
			containerPortal = 045DBE891D80220F00CEAB63 /* Project object */;
			proxyType = 1;
			remoteGlobalIDString = 045DBE901D80220F00CEAB63;
			remoteInfo = Healer;
		};
		045DBEB91D80220F00CEAB63 /* PBXContainerItemProxy */ = {
			isa = PBXContainerItemProxy;
			containerPortal = 045DBE891D80220F00CEAB63 /* Project object */;
			proxyType = 1;
			remoteGlobalIDString = 045DBE901D80220F00CEAB63;
			remoteInfo = Healer;
		};
/* End PBXContainerItemProxy section */

/* Begin PBXFileReference section */
		044AC2741D8E24D900EC908C /* TheYellowView.h */ = {isa = PBXFileReference; fileEncoding = 4; lastKnownFileType = sourcecode.c.h; path = TheYellowView.h; sourceTree = "<group>"; };
		044AC2751D8E24D900EC908C /* TheYellowView.m */ = {isa = PBXFileReference; fileEncoding = 4; lastKnownFileType = sourcecode.c.objc; path = TheYellowView.m; sourceTree = "<group>"; };
		044AC27A1D8E6ABD00EC908C /* LittleButton.h */ = {isa = PBXFileReference; fileEncoding = 4; lastKnownFileType = sourcecode.c.h; path = LittleButton.h; sourceTree = "<group>"; };
		044AC27B1D8E6ABD00EC908C /* LittleButton.m */ = {isa = PBXFileReference; fileEncoding = 4; lastKnownFileType = sourcecode.c.objc; path = LittleButton.m; sourceTree = "<group>"; };
		045DBE911D80220F00CEAB63 /* Healer.app */ = {isa = PBXFileReference; explicitFileType = wrapper.application; includeInIndex = 0; path = Healer.app; sourceTree = BUILT_PRODUCTS_DIR; };
		045DBE951D80220F00CEAB63 /* main.m */ = {isa = PBXFileReference; lastKnownFileType = sourcecode.c.objc; path = main.m; sourceTree = "<group>"; };
		045DBEA11D80220F00CEAB63 /* Healer.xcdatamodel */ = {isa = PBXFileReference; lastKnownFileType = wrapper.xcdatamodel; path = Healer.xcdatamodel; sourceTree = "<group>"; };
		045DBEA31D80220F00CEAB63 /* Assets.xcassets */ = {isa = PBXFileReference; lastKnownFileType = folder.assetcatalog; path = Assets.xcassets; sourceTree = "<group>"; };
		045DBEA81D80220F00CEAB63 /* Info.plist */ = {isa = PBXFileReference; lastKnownFileType = text.plist.xml; path = Info.plist; sourceTree = "<group>"; };
		045DBEAD1D80220F00CEAB63 /* HealerTests.xctest */ = {isa = PBXFileReference; explicitFileType = wrapper.cfbundle; includeInIndex = 0; path = HealerTests.xctest; sourceTree = BUILT_PRODUCTS_DIR; };
		045DBEB11D80220F00CEAB63 /* HealerTests.m */ = {isa = PBXFileReference; lastKnownFileType = sourcecode.c.objc; path = HealerTests.m; sourceTree = "<group>"; };
		045DBEB31D80220F00CEAB63 /* Info.plist */ = {isa = PBXFileReference; lastKnownFileType = text.plist.xml; path = Info.plist; sourceTree = "<group>"; };
		045DBEB81D80220F00CEAB63 /* HealerUITests.xctest */ = {isa = PBXFileReference; explicitFileType = wrapper.cfbundle; includeInIndex = 0; path = HealerUITests.xctest; sourceTree = BUILT_PRODUCTS_DIR; };
		045DBEBC1D80220F00CEAB63 /* HealerUITests.m */ = {isa = PBXFileReference; lastKnownFileType = sourcecode.c.objc; path = HealerUITests.m; sourceTree = "<group>"; };
		045DBEBE1D80220F00CEAB63 /* Info.plist */ = {isa = PBXFileReference; lastKnownFileType = text.plist.xml; path = Info.plist; sourceTree = "<group>"; };
		045DBECD1D8023BB00CEAB63 /* AppDelegate.h */ = {isa = PBXFileReference; fileEncoding = 4; lastKnownFileType = sourcecode.c.h; path = AppDelegate.h; sourceTree = "<group>"; };
		045DBECE1D8023BB00CEAB63 /* AppDelegate.m */ = {isa = PBXFileReference; fileEncoding = 4; lastKnownFileType = sourcecode.c.objc; path = AppDelegate.m; sourceTree = "<group>"; };
		045DBEEF1D80259A00CEAB63 /* HyHomeViewController.h */ = {isa = PBXFileReference; fileEncoding = 4; lastKnownFileType = sourcecode.c.h; path = HyHomeViewController.h; sourceTree = "<group>"; };
		045DBEF01D80259A00CEAB63 /* HyHomeViewController.m */ = {isa = PBXFileReference; fileEncoding = 4; lastKnownFileType = sourcecode.c.objc; path = HyHomeViewController.m; sourceTree = "<group>"; };
		045DBEF21D802A5900CEAB63 /* HySetViewController.h */ = {isa = PBXFileReference; fileEncoding = 4; lastKnownFileType = sourcecode.c.h; path = HySetViewController.h; sourceTree = "<group>"; };
		045DBEF31D802A5900CEAB63 /* HySetViewController.m */ = {isa = PBXFileReference; fileEncoding = 4; lastKnownFileType = sourcecode.c.objc; path = HySetViewController.m; sourceTree = "<group>"; };
		045DBEF51D802A7600CEAB63 /* HyFlyViewController.h */ = {isa = PBXFileReference; fileEncoding = 4; lastKnownFileType = sourcecode.c.h; path = HyFlyViewController.h; sourceTree = "<group>"; };
		045DBEF61D802A7600CEAB63 /* HyFlyViewController.m */ = {isa = PBXFileReference; fileEncoding = 4; lastKnownFileType = sourcecode.c.objc; path = HyFlyViewController.m; sourceTree = "<group>"; };
		045DBEF81D802A8E00CEAB63 /* HyMassageViewController.h */ = {isa = PBXFileReference; fileEncoding = 4; lastKnownFileType = sourcecode.c.h; path = HyMassageViewController.h; sourceTree = "<group>"; };
		045DBEF91D802A8E00CEAB63 /* HyMassageViewController.m */ = {isa = PBXFileReference; fileEncoding = 4; lastKnownFileType = sourcecode.c.objc; path = HyMassageViewController.m; sourceTree = "<group>"; };
		045DBEFE1D80379500CEAB63 /* HyBaseViewController.h */ = {isa = PBXFileReference; fileEncoding = 4; lastKnownFileType = sourcecode.c.h; path = HyBaseViewController.h; sourceTree = "<group>"; };
		045DBEFF1D80379500CEAB63 /* HyBaseViewController.m */ = {isa = PBXFileReference; fileEncoding = 4; lastKnownFileType = sourcecode.c.objc; path = HyBaseViewController.m; sourceTree = "<group>"; };
		045DBF0A1D8144AF00CEAB63 /* HyCustomScrollView.h */ = {isa = PBXFileReference; fileEncoding = 4; lastKnownFileType = sourcecode.c.h; path = HyCustomScrollView.h; sourceTree = "<group>"; };
		045DBF0B1D8144AF00CEAB63 /* HyCustomScrollView.m */ = {isa = PBXFileReference; fileEncoding = 4; lastKnownFileType = sourcecode.c.objc; path = HyCustomScrollView.m; sourceTree = "<group>"; };
		045DBF0F1D81712300CEAB63 /* FellTableViewCell.h */ = {isa = PBXFileReference; fileEncoding = 4; lastKnownFileType = sourcecode.c.h; name = FellTableViewCell.h; path = ../../massage/View/FellTableViewCell.h; sourceTree = "<group>"; };
		045DBF101D81712300CEAB63 /* FellTableViewCell.m */ = {isa = PBXFileReference; fileEncoding = 4; lastKnownFileType = sourcecode.c.objc; name = FellTableViewCell.m; path = ../../massage/View/FellTableViewCell.m; sourceTree = "<group>"; };
		045DBF111D81712300CEAB63 /* FellTableViewCell.xib */ = {isa = PBXFileReference; fileEncoding = 4; lastKnownFileType = file.xib; name = FellTableViewCell.xib; path = ../../massage/View/FellTableViewCell.xib; sourceTree = "<group>"; };
		045DBF121D81712300CEAB63 /* hotMoreView.h */ = {isa = PBXFileReference; fileEncoding = 4; lastKnownFileType = sourcecode.c.h; name = hotMoreView.h; path = ../../massage/View/hotMoreView.h; sourceTree = "<group>"; };
		045DBF131D81712300CEAB63 /* hotMoreView.m */ = {isa = PBXFileReference; fileEncoding = 4; lastKnownFileType = sourcecode.c.objc; name = hotMoreView.m; path = ../../massage/View/hotMoreView.m; sourceTree = "<group>"; };
		045DBF141D81712300CEAB63 /* hotMoreView.xib */ = {isa = PBXFileReference; fileEncoding = 4; lastKnownFileType = file.xib; name = hotMoreView.xib; path = ../../massage/View/hotMoreView.xib; sourceTree = "<group>"; };
		045DBF191D81712900CEAB63 /* HotTalk.h */ = {isa = PBXFileReference; fileEncoding = 4; lastKnownFileType = sourcecode.c.h; name = HotTalk.h; path = ../../massage/Model/HotTalk.h; sourceTree = "<group>"; };
		045DBF1A1D81712900CEAB63 /* HotTalk.m */ = {isa = PBXFileReference; fileEncoding = 4; lastKnownFileType = sourcecode.c.objc; name = HotTalk.m; path = ../../massage/Model/HotTalk.m; sourceTree = "<group>"; };
		045DBF1C1D8179BA00CEAB63 /* hottalk.plist */ = {isa = PBXFileReference; fileEncoding = 4; lastKnownFileType = text.plist.xml; path = hottalk.plist; sourceTree = "<group>"; };
		082B2647332ECD851D530746 /* Pods-HealerUITests.release.xcconfig */ = {isa = PBXFileReference; includeInIndex = 1; lastKnownFileType = text.xcconfig; name = "Pods-HealerUITests.release.xcconfig"; path = "Pods/Target Support Files/Pods-HealerUITests/Pods-HealerUITests.release.xcconfig"; sourceTree = "<group>"; };
		11879738F75F0DF39013A748 /* Pods-Healer.debug.xcconfig */ = {isa = PBXFileReference; includeInIndex = 1; lastKnownFileType = text.xcconfig; name = "Pods-Healer.debug.xcconfig"; path = "Pods/Target Support Files/Pods-Healer/Pods-Healer.debug.xcconfig"; sourceTree = "<group>"; };
		35A687B0CBD5C316FD233EF5 /* Pods-HealerTests.release.xcconfig */ = {isa = PBXFileReference; includeInIndex = 1; lastKnownFileType = text.xcconfig; name = "Pods-HealerTests.release.xcconfig"; path = "Pods/Target Support Files/Pods-HealerTests/Pods-HealerTests.release.xcconfig"; sourceTree = "<group>"; };
		48EAE4A167B92FDA2DE03321 /* Pods-Healer.release.xcconfig */ = {isa = PBXFileReference; includeInIndex = 1; lastKnownFileType = text.xcconfig; name = "Pods-Healer.release.xcconfig"; path = "Pods/Target Support Files/Pods-Healer/Pods-Healer.release.xcconfig"; sourceTree = "<group>"; };
		7751DE73A49ADEF1E4ECA6E9 /* libPods-HealerTests.a */ = {isa = PBXFileReference; explicitFileType = archive.ar; includeInIndex = 0; path = "libPods-HealerTests.a"; sourceTree = BUILT_PRODUCTS_DIR; };
		7B8467715469124D0E7CB863 /* libPods-Healer.a */ = {isa = PBXFileReference; explicitFileType = archive.ar; includeInIndex = 0; path = "libPods-Healer.a"; sourceTree = BUILT_PRODUCTS_DIR; };
		88ED2B00D85A9EAEB157004C /* libPods-HealerUITests.a */ = {isa = PBXFileReference; explicitFileType = archive.ar; includeInIndex = 0; path = "libPods-HealerUITests.a"; sourceTree = BUILT_PRODUCTS_DIR; };
		96ACD205A9A8C33865380285 /* Pods-HealerTests.debug.xcconfig */ = {isa = PBXFileReference; includeInIndex = 1; lastKnownFileType = text.xcconfig; name = "Pods-HealerTests.debug.xcconfig"; path = "Pods/Target Support Files/Pods-HealerTests/Pods-HealerTests.debug.xcconfig"; sourceTree = "<group>"; };
		ABFA1F3E56E23CC645AB732D /* Pods-HealerUITests.debug.xcconfig */ = {isa = PBXFileReference; includeInIndex = 1; lastKnownFileType = text.xcconfig; name = "Pods-HealerUITests.debug.xcconfig"; path = "Pods/Target Support Files/Pods-HealerUITests/Pods-HealerUITests.debug.xcconfig"; sourceTree = "<group>"; };
/* End PBXFileReference section */

/* Begin PBXFrameworksBuildPhase section */
		045DBE8E1D80220F00CEAB63 /* Frameworks */ = {
			isa = PBXFrameworksBuildPhase;
			buildActionMask = 2147483647;
			files = (
				051C30CF5419EBB200659EE8 /* libPods-Healer.a in Frameworks */,
			);
			runOnlyForDeploymentPostprocessing = 0;
		};
		045DBEAA1D80220F00CEAB63 /* Frameworks */ = {
			isa = PBXFrameworksBuildPhase;
			buildActionMask = 2147483647;
			files = (
				901D41A6D6448326EB455E16 /* libPods-HealerTests.a in Frameworks */,
			);
			runOnlyForDeploymentPostprocessing = 0;
		};
		045DBEB51D80220F00CEAB63 /* Frameworks */ = {
			isa = PBXFrameworksBuildPhase;
			buildActionMask = 2147483647;
			files = (
				3BA93BD4B35B96E1291BAAD0 /* libPods-HealerUITests.a in Frameworks */,
			);
			runOnlyForDeploymentPostprocessing = 0;
		};
/* End PBXFrameworksBuildPhase section */

/* Begin PBXGroup section */
		0413E0211D823D5C00CF0B66 /* Tool */ = {
			isa = PBXGroup;
			children = (
			);
			name = Tool;
			sourceTree = "<group>";
		};
		045DBE881D80220F00CEAB63 = {
			isa = PBXGroup;
			children = (
				045DBE931D80220F00CEAB63 /* Healer */,
				045DBEB01D80220F00CEAB63 /* HealerTests */,
				045DBEBB1D80220F00CEAB63 /* HealerUITests */,
				045DBE921D80220F00CEAB63 /* Products */,
				70F9D548164199934C4C7EAF /* Pods */,
				96BE6BF6F539A2CD4951F4D0 /* Frameworks */,
			);
			sourceTree = "<group>";
		};
		045DBE921D80220F00CEAB63 /* Products */ = {
			isa = PBXGroup;
			children = (
				045DBE911D80220F00CEAB63 /* Healer.app */,
				045DBEAD1D80220F00CEAB63 /* HealerTests.xctest */,
				045DBEB81D80220F00CEAB63 /* HealerUITests.xctest */,
			);
			name = Products;
			sourceTree = "<group>";
		};
		045DBE931D80220F00CEAB63 /* Healer */ = {
			isa = PBXGroup;
			children = (
				045DBECC1D8023BB00CEAB63 /* class */,
				045DBEA31D80220F00CEAB63 /* Assets.xcassets */,
				045DBEA81D80220F00CEAB63 /* Info.plist */,
				045DBEA01D80220F00CEAB63 /* Healer.xcdatamodeld */,
				045DBE941D80220F00CEAB63 /* Supporting Files */,
			);
			path = Healer;
			sourceTree = "<group>";
		};
		045DBE941D80220F00CEAB63 /* Supporting Files */ = {
			isa = PBXGroup;
			children = (
				045DBF1C1D8179BA00CEAB63 /* hottalk.plist */,
				045DBE951D80220F00CEAB63 /* main.m */,
			);
			name = "Supporting Files";
			sourceTree = "<group>";
		};
		045DBEB01D80220F00CEAB63 /* HealerTests */ = {
			isa = PBXGroup;
			children = (
				045DBEB11D80220F00CEAB63 /* HealerTests.m */,
				045DBEB31D80220F00CEAB63 /* Info.plist */,
			);
			path = HealerTests;
			sourceTree = "<group>";
		};
		045DBEBB1D80220F00CEAB63 /* HealerUITests */ = {
			isa = PBXGroup;
			children = (
				045DBEBC1D80220F00CEAB63 /* HealerUITests.m */,
				045DBEBE1D80220F00CEAB63 /* Info.plist */,
			);
			path = HealerUITests;
			sourceTree = "<group>";
		};
		045DBECC1D8023BB00CEAB63 /* class */ = {
			isa = PBXGroup;
			children = (
				045DBECD1D8023BB00CEAB63 /* AppDelegate.h */,
				045DBECE1D8023BB00CEAB63 /* AppDelegate.m */,
				045DBED31D80251500CEAB63 /* Fly */,
				045DBED71D80251500CEAB63 /* Home */,
				045DBEDB1D80251500CEAB63 /* icon */,
				045DBEDF1D80251500CEAB63 /* massage */,
				045DBEE31D80251500CEAB63 /* me */,
				045DBEE71D80251500CEAB63 /* Self */,
				045DBEEB1D80251600CEAB63 /* Set */,
			);
			path = class;
			sourceTree = "<group>";
		};
		045DBED31D80251500CEAB63 /* Fly */ = {
			isa = PBXGroup;
			children = (
				045DBED41D80251500CEAB63 /* Controller */,
				045DBED51D80251500CEAB63 /* Model */,
				045DBED61D80251500CEAB63 /* View */,
			);
			path = Fly;
			sourceTree = "<group>";
		};
		045DBED41D80251500CEAB63 /* Controller */ = {
			isa = PBXGroup;
			children = (
				045DBEF51D802A7600CEAB63 /* HyFlyViewController.h */,
				045DBEF61D802A7600CEAB63 /* HyFlyViewController.m */,
			);
			path = Controller;
			sourceTree = "<group>";
		};
		045DBED51D80251500CEAB63 /* Model */ = {
			isa = PBXGroup;
			children = (
				045DBF191D81712900CEAB63 /* HotTalk.h */,
				045DBF1A1D81712900CEAB63 /* HotTalk.m */,
			);
			path = Model;
			sourceTree = "<group>";
		};
		045DBED61D80251500CEAB63 /* View */ = {
			isa = PBXGroup;
			children = (
				045DBF0F1D81712300CEAB63 /* FellTableViewCell.h */,
				045DBF101D81712300CEAB63 /* FellTableViewCell.m */,
				045DBF111D81712300CEAB63 /* FellTableViewCell.xib */,
				045DBF121D81712300CEAB63 /* hotMoreView.h */,
				045DBF131D81712300CEAB63 /* hotMoreView.m */,
				045DBF141D81712300CEAB63 /* hotMoreView.xib */,
				045DBF0A1D8144AF00CEAB63 /* HyCustomScrollView.h */,
				045DBF0B1D8144AF00CEAB63 /* HyCustomScrollView.m */,
			);
			path = View;
			sourceTree = "<group>";
		};
		045DBED71D80251500CEAB63 /* Home */ = {
			isa = PBXGroup;
			children = (
				0413E0211D823D5C00CF0B66 /* Tool */,
				045DBED81D80251500CEAB63 /* Controller */,
				045DBED91D80251500CEAB63 /* Model */,
				045DBEDA1D80251500CEAB63 /* View */,
			);
			path = Home;
			sourceTree = "<group>";
		};
		045DBED81D80251500CEAB63 /* Controller */ = {
			isa = PBXGroup;
			children = (
				045DBEEF1D80259A00CEAB63 /* HyHomeViewController.h */,
				045DBEF01D80259A00CEAB63 /* HyHomeViewController.m */,
				045DBEFE1D80379500CEAB63 /* HyBaseViewController.h */,
				045DBEFF1D80379500CEAB63 /* HyBaseViewController.m */,
			);
			path = Controller;
			sourceTree = "<group>";
		};
		045DBED91D80251500CEAB63 /* Model */ = {
			isa = PBXGroup;
			children = (
			);
			path = Model;
			sourceTree = "<group>";
		};
		045DBEDA1D80251500CEAB63 /* View */ = {
			isa = PBXGroup;
			children = (
			);
			path = View;
			sourceTree = "<group>";
		};
		045DBEDB1D80251500CEAB63 /* icon */ = {
			isa = PBXGroup;
			children = (
				045DBEDC1D80251500CEAB63 /* Controller */,
				045DBEDD1D80251500CEAB63 /* Model */,
				045DBEDE1D80251500CEAB63 /* View */,
			);
			path = icon;
			sourceTree = "<group>";
		};
		045DBEDC1D80251500CEAB63 /* Controller */ = {
			isa = PBXGroup;
			children = (
			);
			path = Controller;
			sourceTree = "<group>";
		};
		045DBEDD1D80251500CEAB63 /* Model */ = {
			isa = PBXGroup;
			children = (
			);
			path = Model;
			sourceTree = "<group>";
		};
		045DBEDE1D80251500CEAB63 /* View */ = {
			isa = PBXGroup;
			children = (
			);
			path = View;
			sourceTree = "<group>";
		};
		045DBEDF1D80251500CEAB63 /* massage */ = {
			isa = PBXGroup;
			children = (
				045DBEE01D80251500CEAB63 /* Controller */,
				045DBEE11D80251500CEAB63 /* Model */,
				045DBEE21D80251500CEAB63 /* View */,
			);
			path = massage;
			sourceTree = "<group>";
		};
		045DBEE01D80251500CEAB63 /* Controller */ = {
			isa = PBXGroup;
			children = (
				045DBEF81D802A8E00CEAB63 /* HyMassageViewController.h */,
				045DBEF91D802A8E00CEAB63 /* HyMassageViewController.m */,
			);
			path = Controller;
			sourceTree = "<group>";
		};
		045DBEE11D80251500CEAB63 /* Model */ = {
			isa = PBXGroup;
			children = (
			);
			path = Model;
			sourceTree = "<group>";
		};
		045DBEE21D80251500CEAB63 /* View */ = {
			isa = PBXGroup;
			children = (
				044AC2741D8E24D900EC908C /* TheYellowView.h */,
				044AC2751D8E24D900EC908C /* TheYellowView.m */,
				044AC27A1D8E6ABD00EC908C /* LittleButton.h */,
				044AC27B1D8E6ABD00EC908C /* LittleButton.m */,
			);
			path = View;
			sourceTree = "<group>";
		};
		045DBEE31D80251500CEAB63 /* me */ = {
			isa = PBXGroup;
			children = (
				045DBEE41D80251500CEAB63 /* Controller */,
				045DBEE51D80251500CEAB63 /* Model */,
				045DBEE61D80251500CEAB63 /* View */,
			);
			path = me;
			sourceTree = "<group>";
		};
		045DBEE41D80251500CEAB63 /* Controller */ = {
			isa = PBXGroup;
			children = (
			);
			path = Controller;
			sourceTree = "<group>";
		};
		045DBEE51D80251500CEAB63 /* Model */ = {
			isa = PBXGroup;
			children = (
			);
			path = Model;
			sourceTree = "<group>";
		};
		045DBEE61D80251500CEAB63 /* View */ = {
			isa = PBXGroup;
			children = (
			);
			path = View;
			sourceTree = "<group>";
		};
		045DBEE71D80251500CEAB63 /* Self */ = {
			isa = PBXGroup;
			children = (
				045DBEE81D80251600CEAB63 /* Controller */,
				045DBEE91D80251600CEAB63 /* Model */,
				045DBEEA1D80251600CEAB63 /* View */,
			);
			path = Self;
			sourceTree = "<group>";
		};
		045DBEE81D80251600CEAB63 /* Controller */ = {
			isa = PBXGroup;
			children = (
			);
			path = Controller;
			sourceTree = "<group>";
		};
		045DBEE91D80251600CEAB63 /* Model */ = {
			isa = PBXGroup;
			children = (
			);
			path = Model;
			sourceTree = "<group>";
		};
		045DBEEA1D80251600CEAB63 /* View */ = {
			isa = PBXGroup;
			children = (
			);
			path = View;
			sourceTree = "<group>";
		};
		045DBEEB1D80251600CEAB63 /* Set */ = {
			isa = PBXGroup;
			children = (
				045DBEEC1D80251600CEAB63 /* Controller */,
				045DBEED1D80251600CEAB63 /* Model */,
				045DBEEE1D80251600CEAB63 /* View */,
			);
			path = Set;
			sourceTree = "<group>";
		};
		045DBEEC1D80251600CEAB63 /* Controller */ = {
			isa = PBXGroup;
			children = (
				045DBEF21D802A5900CEAB63 /* HySetViewController.h */,
				045DBEF31D802A5900CEAB63 /* HySetViewController.m */,
			);
			path = Controller;
			sourceTree = "<group>";
		};
		045DBEED1D80251600CEAB63 /* Model */ = {
			isa = PBXGroup;
			children = (
			);
			path = Model;
			sourceTree = "<group>";
		};
		045DBEEE1D80251600CEAB63 /* View */ = {
			isa = PBXGroup;
			children = (
			);
			path = View;
			sourceTree = "<group>";
		};
		70F9D548164199934C4C7EAF /* Pods */ = {
			isa = PBXGroup;
			children = (
				11879738F75F0DF39013A748 /* Pods-Healer.debug.xcconfig */,
				48EAE4A167B92FDA2DE03321 /* Pods-Healer.release.xcconfig */,
				96ACD205A9A8C33865380285 /* Pods-HealerTests.debug.xcconfig */,
				35A687B0CBD5C316FD233EF5 /* Pods-HealerTests.release.xcconfig */,
				ABFA1F3E56E23CC645AB732D /* Pods-HealerUITests.debug.xcconfig */,
				082B2647332ECD851D530746 /* Pods-HealerUITests.release.xcconfig */,
			);
			name = Pods;
			sourceTree = "<group>";
		};
		96BE6BF6F539A2CD4951F4D0 /* Frameworks */ = {
			isa = PBXGroup;
			children = (
				7B8467715469124D0E7CB863 /* libPods-Healer.a */,
				7751DE73A49ADEF1E4ECA6E9 /* libPods-HealerTests.a */,
				88ED2B00D85A9EAEB157004C /* libPods-HealerUITests.a */,
			);
			name = Frameworks;
			sourceTree = "<group>";
		};
/* End PBXGroup section */

/* Begin PBXNativeTarget section */
		045DBE901D80220F00CEAB63 /* Healer */ = {
			isa = PBXNativeTarget;
			buildConfigurationList = 045DBEC11D80220F00CEAB63 /* Build configuration list for PBXNativeTarget "Healer" */;
			buildPhases = (
				8E165DE07B48C6857EA09B27 /* [CP] Check Pods Manifest.lock */,
				045DBE8D1D80220F00CEAB63 /* Sources */,
				045DBE8E1D80220F00CEAB63 /* Frameworks */,
				045DBE8F1D80220F00CEAB63 /* Resources */,
				DE3500EF7D6A5893F9930058 /* [CP] Embed Pods Frameworks */,
				90CB76B5AB0072454E2276A5 /* [CP] Copy Pods Resources */,
			);
			buildRules = (
			);
			dependencies = (
			);
			name = Healer;
			productName = Healer;
			productReference = 045DBE911D80220F00CEAB63 /* Healer.app */;
			productType = "com.apple.product-type.application";
		};
		045DBEAC1D80220F00CEAB63 /* HealerTests */ = {
			isa = PBXNativeTarget;
			buildConfigurationList = 045DBEC41D80220F00CEAB63 /* Build configuration list for PBXNativeTarget "HealerTests" */;
			buildPhases = (
				7802390C2D0D04ED46CF8CC1 /* [CP] Check Pods Manifest.lock */,
				045DBEA91D80220F00CEAB63 /* Sources */,
				045DBEAA1D80220F00CEAB63 /* Frameworks */,
				045DBEAB1D80220F00CEAB63 /* Resources */,
				F7A3CD63B41C7ADE4239D994 /* [CP] Embed Pods Frameworks */,
				20A4F6CFE1A60A5D3B1E542D /* [CP] Copy Pods Resources */,
			);
			buildRules = (
			);
			dependencies = (
				045DBEAF1D80220F00CEAB63 /* PBXTargetDependency */,
			);
			name = HealerTests;
			productName = HealerTests;
			productReference = 045DBEAD1D80220F00CEAB63 /* HealerTests.xctest */;
			productType = "com.apple.product-type.bundle.unit-test";
		};
		045DBEB71D80220F00CEAB63 /* HealerUITests */ = {
			isa = PBXNativeTarget;
			buildConfigurationList = 045DBEC71D80220F00CEAB63 /* Build configuration list for PBXNativeTarget "HealerUITests" */;
			buildPhases = (
				C3EBE5461CD39EA1F0F1F3DF /* [CP] Check Pods Manifest.lock */,
				045DBEB41D80220F00CEAB63 /* Sources */,
				045DBEB51D80220F00CEAB63 /* Frameworks */,
				045DBEB61D80220F00CEAB63 /* Resources */,
				0A1321BCDE5B9F57D808FEFF /* [CP] Copy Pods Resources */,
			);
			buildRules = (
			);
			dependencies = (
				045DBEBA1D80220F00CEAB63 /* PBXTargetDependency */,
			);
			name = HealerUITests;
			productName = HealerUITests;
			productReference = 045DBEB81D80220F00CEAB63 /* HealerUITests.xctest */;
			productType = "com.apple.product-type.bundle.ui-testing";
		};
/* End PBXNativeTarget section */

/* Begin PBXProject section */
		045DBE891D80220F00CEAB63 /* Project object */ = {
			isa = PBXProject;
			attributes = {
				LastUpgradeCheck = 0730;
				ORGANIZATIONNAME = LiHongYu;
				TargetAttributes = {
					045DBE901D80220F00CEAB63 = {
						CreatedOnToolsVersion = 7.3;
					};
					045DBEAC1D80220F00CEAB63 = {
						CreatedOnToolsVersion = 7.3;
						TestTargetID = 045DBE901D80220F00CEAB63;
					};
					045DBEB71D80220F00CEAB63 = {
						CreatedOnToolsVersion = 7.3;
						TestTargetID = 045DBE901D80220F00CEAB63;
					};
				};
			};
			buildConfigurationList = 045DBE8C1D80220F00CEAB63 /* Build configuration list for PBXProject "Healer" */;
			compatibilityVersion = "Xcode 3.2";
			developmentRegion = English;
			hasScannedForEncodings = 0;
			knownRegions = (
				en,
				Base,
			);
			mainGroup = 045DBE881D80220F00CEAB63;
			productRefGroup = 045DBE921D80220F00CEAB63 /* Products */;
			projectDirPath = "";
			projectRoot = "";
			targets = (
				045DBE901D80220F00CEAB63 /* Healer */,
				045DBEAC1D80220F00CEAB63 /* HealerTests */,
				045DBEB71D80220F00CEAB63 /* HealerUITests */,
			);
		};
/* End PBXProject section */

/* Begin PBXResourcesBuildPhase section */
		045DBE8F1D80220F00CEAB63 /* Resources */ = {
			isa = PBXResourcesBuildPhase;
			buildActionMask = 2147483647;
			files = (
				045DBF161D81712300CEAB63 /* FellTableViewCell.xib in Resources */,
				045DBEA41D80220F00CEAB63 /* Assets.xcassets in Resources */,
				045DBF1D1D8179BA00CEAB63 /* hottalk.plist in Resources */,
				045DBF181D81712300CEAB63 /* hotMoreView.xib in Resources */,
			);
			runOnlyForDeploymentPostprocessing = 0;
		};
		045DBEAB1D80220F00CEAB63 /* Resources */ = {
			isa = PBXResourcesBuildPhase;
			buildActionMask = 2147483647;
			files = (
			);
			runOnlyForDeploymentPostprocessing = 0;
		};
		045DBEB61D80220F00CEAB63 /* Resources */ = {
			isa = PBXResourcesBuildPhase;
			buildActionMask = 2147483647;
			files = (
			);
			runOnlyForDeploymentPostprocessing = 0;
		};
/* End PBXResourcesBuildPhase section */

/* Begin PBXShellScriptBuildPhase section */
		0A1321BCDE5B9F57D808FEFF /* [CP] Copy Pods Resources */ = {
			isa = PBXShellScriptBuildPhase;
			buildActionMask = 2147483647;
			files = (
			);
			inputPaths = (
			);
			name = "[CP] Copy Pods Resources";
			outputPaths = (
			);
			runOnlyForDeploymentPostprocessing = 0;
			shellPath = /bin/sh;
			shellScript = "\"${SRCROOT}/Pods/Target Support Files/Pods-HealerUITests/Pods-HealerUITests-resources.sh\"\n";
			showEnvVarsInLog = 0;
		};
		20A4F6CFE1A60A5D3B1E542D /* [CP] Copy Pods Resources */ = {
			isa = PBXShellScriptBuildPhase;
			buildActionMask = 2147483647;
			files = (
			);
			inputPaths = (
			);
			name = "[CP] Copy Pods Resources";
			outputPaths = (
			);
			runOnlyForDeploymentPostprocessing = 0;
			shellPath = /bin/sh;
			shellScript = "\"${SRCROOT}/Pods/Target Support Files/Pods-HealerTests/Pods-HealerTests-resources.sh\"\n";
			showEnvVarsInLog = 0;
		};
		7802390C2D0D04ED46CF8CC1 /* [CP] Check Pods Manifest.lock */ = {
			isa = PBXShellScriptBuildPhase;
			buildActionMask = 2147483647;
			files = (
			);
			inputPaths = (
			);
			name = "[CP] Check Pods Manifest.lock";
			outputPaths = (
			);
			runOnlyForDeploymentPostprocessing = 0;
			shellPath = /bin/sh;
			shellScript = "diff \"${PODS_ROOT}/../Podfile.lock\" \"${PODS_ROOT}/Manifest.lock\" > /dev/null\nif [[ $? != 0 ]] ; then\n    cat << EOM\nerror: The sandbox is not in sync with the Podfile.lock. Run 'pod install' or update your CocoaPods installation.\nEOM\n    exit 1\nfi\n";
			showEnvVarsInLog = 0;
		};
		8E165DE07B48C6857EA09B27 /* [CP] Check Pods Manifest.lock */ = {
			isa = PBXShellScriptBuildPhase;
			buildActionMask = 2147483647;
			files = (
			);
			inputPaths = (
			);
			name = "[CP] Check Pods Manifest.lock";
			outputPaths = (
			);
			runOnlyForDeploymentPostprocessing = 0;
			shellPath = /bin/sh;
			shellScript = "diff \"${PODS_ROOT}/../Podfile.lock\" \"${PODS_ROOT}/Manifest.lock\" > /dev/null\nif [[ $? != 0 ]] ; then\n    cat << EOM\nerror: The sandbox is not in sync with the Podfile.lock. Run 'pod install' or update your CocoaPods installation.\nEOM\n    exit 1\nfi\n";
			showEnvVarsInLog = 0;
		};
		90CB76B5AB0072454E2276A5 /* [CP] Copy Pods Resources */ = {
			isa = PBXShellScriptBuildPhase;
			buildActionMask = 2147483647;
			files = (
			);
			inputPaths = (
			);
			name = "[CP] Copy Pods Resources";
			outputPaths = (
			);
			runOnlyForDeploymentPostprocessing = 0;
			shellPath = /bin/sh;
			shellScript = "\"${SRCROOT}/Pods/Target Support Files/Pods-Healer/Pods-Healer-resources.sh\"\n";
			showEnvVarsInLog = 0;
		};
		C3EBE5461CD39EA1F0F1F3DF /* [CP] Check Pods Manifest.lock */ = {
			isa = PBXShellScriptBuildPhase;
			buildActionMask = 2147483647;
			files = (
			);
			inputPaths = (
			);
			name = "[CP] Check Pods Manifest.lock";
			outputPaths = (
			);
			runOnlyForDeploymentPostprocessing = 0;
			shellPath = /bin/sh;
			shellScript = "diff \"${PODS_ROOT}/../Podfile.lock\" \"${PODS_ROOT}/Manifest.lock\" > /dev/null\nif [[ $? != 0 ]] ; then\n    cat << EOM\nerror: The sandbox is not in sync with the Podfile.lock. Run 'pod install' or update your CocoaPods installation.\nEOM\n    exit 1\nfi\n";
			showEnvVarsInLog = 0;
		};
		DE3500EF7D6A5893F9930058 /* [CP] Embed Pods Frameworks */ = {
			isa = PBXShellScriptBuildPhase;
			buildActionMask = 2147483647;
			files = (
			);
			inputPaths = (
			);
			name = "[CP] Embed Pods Frameworks";
			outputPaths = (
			);
			runOnlyForDeploymentPostprocessing = 0;
			shellPath = /bin/sh;
			shellScript = "\"${SRCROOT}/Pods/Target Support Files/Pods-Healer/Pods-Healer-frameworks.sh\"\n";
			showEnvVarsInLog = 0;
		};
		F7A3CD63B41C7ADE4239D994 /* [CP] Embed Pods Frameworks */ = {
			isa = PBXShellScriptBuildPhase;
			buildActionMask = 2147483647;
			files = (
			);
			inputPaths = (
			);
			name = "[CP] Embed Pods Frameworks";
			outputPaths = (
			);
			runOnlyForDeploymentPostprocessing = 0;
			shellPath = /bin/sh;
			shellScript = "\"${SRCROOT}/Pods/Target Support Files/Pods-HealerTests/Pods-HealerTests-frameworks.sh\"\n";
			showEnvVarsInLog = 0;
		};
/* End PBXShellScriptBuildPhase section */

/* Begin PBXSourcesBuildPhase section */
		045DBE8D1D80220F00CEAB63 /* Sources */ = {
			isa = PBXSourcesBuildPhase;
			buildActionMask = 2147483647;
			files = (
				045DBEA21D80220F00CEAB63 /* Healer.xcdatamodeld in Sources */,
				045DBF0C1D8144AF00CEAB63 /* HyCustomScrollView.m in Sources */,
				045DBEF41D802A5900CEAB63 /* HySetViewController.m in Sources */,
				045DBE961D80220F00CEAB63 /* main.m in Sources */,
				045DBF151D81712300CEAB63 /* FellTableViewCell.m in Sources */,
				044AC27C1D8E6ABD00EC908C /* LittleButton.m in Sources */,
				045DBEFA1D802A8E00CEAB63 /* HyMassageViewController.m in Sources */,
				045DBF001D80379500CEAB63 /* HyBaseViewController.m in Sources */,
				044AC2761D8E24D900EC908C /* TheYellowView.m in Sources */,
				045DBEF71D802A7600CEAB63 /* HyFlyViewController.m in Sources */,
				045DBEF11D80259A00CEAB63 /* HyHomeViewController.m in Sources */,
				045DBF171D81712300CEAB63 /* hotMoreView.m in Sources */,
				045DBED11D8023BB00CEAB63 /* AppDelegate.m in Sources */,
				045DBF1B1D81712900CEAB63 /* HotTalk.m in Sources */,
			);
			runOnlyForDeploymentPostprocessing = 0;
		};
		045DBEA91D80220F00CEAB63 /* Sources */ = {
			isa = PBXSourcesBuildPhase;
			buildActionMask = 2147483647;
			files = (
				045DBEB21D80220F00CEAB63 /* HealerTests.m in Sources */,
			);
			runOnlyForDeploymentPostprocessing = 0;
		};
		045DBEB41D80220F00CEAB63 /* Sources */ = {
			isa = PBXSourcesBuildPhase;
			buildActionMask = 2147483647;
			files = (
				045DBEBD1D80220F00CEAB63 /* HealerUITests.m in Sources */,
			);
			runOnlyForDeploymentPostprocessing = 0;
		};
/* End PBXSourcesBuildPhase section */

/* Begin PBXTargetDependency section */
		045DBEAF1D80220F00CEAB63 /* PBXTargetDependency */ = {
			isa = PBXTargetDependency;
			target = 045DBE901D80220F00CEAB63 /* Healer */;
			targetProxy = 045DBEAE1D80220F00CEAB63 /* PBXContainerItemProxy */;
		};
		045DBEBA1D80220F00CEAB63 /* PBXTargetDependency */ = {
			isa = PBXTargetDependency;
			target = 045DBE901D80220F00CEAB63 /* Healer */;
			targetProxy = 045DBEB91D80220F00CEAB63 /* PBXContainerItemProxy */;
		};
/* End PBXTargetDependency section */

/* Begin XCBuildConfiguration section */
		045DBEBF1D80220F00CEAB63 /* Debug */ = {
			isa = XCBuildConfiguration;
			buildSettings = {
				ALWAYS_SEARCH_USER_PATHS = NO;
				CLANG_ANALYZER_NONNULL = YES;
				CLANG_CXX_LANGUAGE_STANDARD = "gnu++0x";
				CLANG_CXX_LIBRARY = "libc++";
				CLANG_ENABLE_MODULES = YES;
				CLANG_ENABLE_OBJC_ARC = YES;
				CLANG_WARN_BOOL_CONVERSION = YES;
				CLANG_WARN_CONSTANT_CONVERSION = YES;
				CLANG_WARN_DIRECT_OBJC_ISA_USAGE = YES_ERROR;
				CLANG_WARN_EMPTY_BODY = YES;
				CLANG_WARN_ENUM_CONVERSION = YES;
				CLANG_WARN_INT_CONVERSION = YES;
				CLANG_WARN_OBJC_ROOT_CLASS = YES_ERROR;
				CLANG_WARN_UNREACHABLE_CODE = YES;
				CLANG_WARN__DUPLICATE_METHOD_MATCH = YES;
				"CODE_SIGN_IDENTITY[sdk=iphoneos*]" = "iPhone Developer";
				COPY_PHASE_STRIP = NO;
				DEBUG_INFORMATION_FORMAT = dwarf;
				ENABLE_STRICT_OBJC_MSGSEND = YES;
				ENABLE_TESTABILITY = YES;
				GCC_C_LANGUAGE_STANDARD = gnu99;
				GCC_DYNAMIC_NO_PIC = NO;
				GCC_NO_COMMON_BLOCKS = YES;
				GCC_OPTIMIZATION_LEVEL = 0;
				GCC_PREPROCESSOR_DEFINITIONS = (
					"DEBUG=1",
					"$(inherited)",
				);
				GCC_WARN_64_TO_32_BIT_CONVERSION = YES;
				GCC_WARN_ABOUT_RETURN_TYPE = YES_ERROR;
				GCC_WARN_UNDECLARED_SELECTOR = YES;
				GCC_WARN_UNINITIALIZED_AUTOS = YES_AGGRESSIVE;
				GCC_WARN_UNUSED_FUNCTION = YES;
				GCC_WARN_UNUSED_VARIABLE = YES;
				IPHONEOS_DEPLOYMENT_TARGET = 9.3;
				MTL_ENABLE_DEBUG_INFO = YES;
				ONLY_ACTIVE_ARCH = YES;
				SDKROOT = iphoneos;
			};
			name = Debug;
		};
		045DBEC01D80220F00CEAB63 /* Release */ = {
			isa = XCBuildConfiguration;
			buildSettings = {
				ALWAYS_SEARCH_USER_PATHS = NO;
				CLANG_ANALYZER_NONNULL = YES;
				CLANG_CXX_LANGUAGE_STANDARD = "gnu++0x";
				CLANG_CXX_LIBRARY = "libc++";
				CLANG_ENABLE_MODULES = YES;
				CLANG_ENABLE_OBJC_ARC = YES;
				CLANG_WARN_BOOL_CONVERSION = YES;
				CLANG_WARN_CONSTANT_CONVERSION = YES;
				CLANG_WARN_DIRECT_OBJC_ISA_USAGE = YES_ERROR;
				CLANG_WARN_EMPTY_BODY = YES;
				CLANG_WARN_ENUM_CONVERSION = YES;
				CLANG_WARN_INT_CONVERSION = YES;
				CLANG_WARN_OBJC_ROOT_CLASS = YES_ERROR;
				CLANG_WARN_UNREACHABLE_CODE = YES;
				CLANG_WARN__DUPLICATE_METHOD_MATCH = YES;
				"CODE_SIGN_IDENTITY[sdk=iphoneos*]" = "iPhone Developer";
				COPY_PHASE_STRIP = NO;
				DEBUG_INFORMATION_FORMAT = "dwarf-with-dsym";
				ENABLE_NS_ASSERTIONS = NO;
				ENABLE_STRICT_OBJC_MSGSEND = YES;
				GCC_C_LANGUAGE_STANDARD = gnu99;
				GCC_NO_COMMON_BLOCKS = YES;
				GCC_WARN_64_TO_32_BIT_CONVERSION = YES;
				GCC_WARN_ABOUT_RETURN_TYPE = YES_ERROR;
				GCC_WARN_UNDECLARED_SELECTOR = YES;
				GCC_WARN_UNINITIALIZED_AUTOS = YES_AGGRESSIVE;
				GCC_WARN_UNUSED_FUNCTION = YES;
				GCC_WARN_UNUSED_VARIABLE = YES;
				IPHONEOS_DEPLOYMENT_TARGET = 9.3;
				MTL_ENABLE_DEBUG_INFO = NO;
				SDKROOT = iphoneos;
				VALIDATE_PRODUCT = YES;
			};
			name = Release;
		};
		045DBEC21D80220F00CEAB63 /* Debug */ = {
			isa = XCBuildConfiguration;
			baseConfigurationReference = 11879738F75F0DF39013A748 /* Pods-Healer.debug.xcconfig */;
			buildSettings = {
				ASSETCATALOG_COMPILER_APPICON_NAME = AppIcon;
				INFOPLIST_FILE = Healer/Info.plist;
				LD_RUNPATH_SEARCH_PATHS = "$(inherited) @executable_path/Frameworks";
				PRODUCT_BUNDLE_IDENTIFIER = Hy.Healer;
				PRODUCT_NAME = "$(TARGET_NAME)";
			};
			name = Debug;
		};
		045DBEC31D80220F00CEAB63 /* Release */ = {
			isa = XCBuildConfiguration;
			baseConfigurationReference = 48EAE4A167B92FDA2DE03321 /* Pods-Healer.release.xcconfig */;
			buildSettings = {
				ASSETCATALOG_COMPILER_APPICON_NAME = AppIcon;
				INFOPLIST_FILE = Healer/Info.plist;
				LD_RUNPATH_SEARCH_PATHS = "$(inherited) @executable_path/Frameworks";
				PRODUCT_BUNDLE_IDENTIFIER = Hy.Healer;
				PRODUCT_NAME = "$(TARGET_NAME)";
			};
			name = Release;
		};
		045DBEC51D80220F00CEAB63 /* Debug */ = {
			isa = XCBuildConfiguration;
			baseConfigurationReference = 96ACD205A9A8C33865380285 /* Pods-HealerTests.debug.xcconfig */;
			buildSettings = {
				BUNDLE_LOADER = "$(TEST_HOST)";
				INFOPLIST_FILE = HealerTests/Info.plist;
				LD_RUNPATH_SEARCH_PATHS = "$(inherited) @executable_path/Frameworks @loader_path/Frameworks";
				PRODUCT_BUNDLE_IDENTIFIER = Hy.HealerTests;
				PRODUCT_NAME = "$(TARGET_NAME)";
				TEST_HOST = "$(BUILT_PRODUCTS_DIR)/Healer.app/Healer";
			};
			name = Debug;
		};
		045DBEC61D80220F00CEAB63 /* Release */ = {
			isa = XCBuildConfiguration;
			baseConfigurationReference = 35A687B0CBD5C316FD233EF5 /* Pods-HealerTests.release.xcconfig */;
			buildSettings = {
				BUNDLE_LOADER = "$(TEST_HOST)";
				INFOPLIST_FILE = HealerTests/Info.plist;
				LD_RUNPATH_SEARCH_PATHS = "$(inherited) @executable_path/Frameworks @loader_path/Frameworks";
				PRODUCT_BUNDLE_IDENTIFIER = Hy.HealerTests;
				PRODUCT_NAME = "$(TARGET_NAME)";
				TEST_HOST = "$(BUILT_PRODUCTS_DIR)/Healer.app/Healer";
			};
			name = Release;
		};
		045DBEC81D80220F00CEAB63 /* Debug */ = {
			isa = XCBuildConfiguration;
			baseConfigurationReference = ABFA1F3E56E23CC645AB732D /* Pods-HealerUITests.debug.xcconfig */;
			buildSettings = {
				INFOPLIST_FILE = HealerUITests/Info.plist;
				LD_RUNPATH_SEARCH_PATHS = "$(inherited) @executable_path/Frameworks @loader_path/Frameworks";
				PRODUCT_BUNDLE_IDENTIFIER = Hy.HealerUITests;
				PRODUCT_NAME = "$(TARGET_NAME)";
				TEST_TARGET_NAME = Healer;
			};
			name = Debug;
		};
		045DBEC91D80220F00CEAB63 /* Release */ = {
			isa = XCBuildConfiguration;
			baseConfigurationReference = 082B2647332ECD851D530746 /* Pods-HealerUITests.release.xcconfig */;
			buildSettings = {
				INFOPLIST_FILE = HealerUITests/Info.plist;
				LD_RUNPATH_SEARCH_PATHS = "$(inherited) @executable_path/Frameworks @loader_path/Frameworks";
				PRODUCT_BUNDLE_IDENTIFIER = Hy.HealerUITests;
				PRODUCT_NAME = "$(TARGET_NAME)";
				TEST_TARGET_NAME = Healer;
			};
			name = Release;
		};
/* End XCBuildConfiguration section */

/* Begin XCConfigurationList section */
		045DBE8C1D80220F00CEAB63 /* Build configuration list for PBXProject "Healer" */ = {
			isa = XCConfigurationList;
			buildConfigurations = (
				045DBEBF1D80220F00CEAB63 /* Debug */,
				045DBEC01D80220F00CEAB63 /* Release */,
			);
			defaultConfigurationIsVisible = 0;
			defaultConfigurationName = Release;
		};
		045DBEC11D80220F00CEAB63 /* Build configuration list for PBXNativeTarget "Healer" */ = {
			isa = XCConfigurationList;
			buildConfigurations = (
				045DBEC21D80220F00CEAB63 /* Debug */,
				045DBEC31D80220F00CEAB63 /* Release */,
			);
			defaultConfigurationIsVisible = 0;
			defaultConfigurationName = Release;
		};
		045DBEC41D80220F00CEAB63 /* Build configuration list for PBXNativeTarget "HealerTests" */ = {
			isa = XCConfigurationList;
			buildConfigurations = (
				045DBEC51D80220F00CEAB63 /* Debug */,
				045DBEC61D80220F00CEAB63 /* Release */,
			);
			defaultConfigurationIsVisible = 0;
			defaultConfigurationName = Release;
		};
		045DBEC71D80220F00CEAB63 /* Build configuration list for PBXNativeTarget "HealerUITests" */ = {
			isa = XCConfigurationList;
			buildConfigurations = (
				045DBEC81D80220F00CEAB63 /* Debug */,
				045DBEC91D80220F00CEAB63 /* Release */,
			);
			defaultConfigurationIsVisible = 0;
			defaultConfigurationName = Release;
		};
/* End XCConfigurationList section */

/* Begin XCVersionGroup section */
		045DBEA01D80220F00CEAB63 /* Healer.xcdatamodeld */ = {
			isa = XCVersionGroup;
			children = (
				045DBEA11D80220F00CEAB63 /* Healer.xcdatamodel */,
			);
			currentVersion = 045DBEA11D80220F00CEAB63 /* Healer.xcdatamodel */;
			path = Healer.xcdatamodeld;
			sourceTree = "<group>";
			versionGroupType = wrapper.xcdatamodel;
		};
/* End XCVersionGroup section */
	};
	rootObject = 045DBE891D80220F00CEAB63 /* Project object */;
}
