// !$*UTF8*$!
{
	archiveVersion = 1;
	classes = {
	};
	objectVersion = 46;
	objects = {

/* Begin PBXBuildFile section */
		041BAA771D9A0CBE00E05B03 /* HyWelcomeViewController.m in Sources */ = {isa = PBXBuildFile; fileRef = 041BAA761D9A0CBE00E05B03 /* HyWelcomeViewController.m */; };
		041BAA861D9A304F00E05B03 /* SVIndefiniteAnimatedView.m in Sources */ = {isa = PBXBuildFile; fileRef = 041BAA7D1D9A304F00E05B03 /* SVIndefiniteAnimatedView.m */; };
		041BAA871D9A304F00E05B03 /* SVProgressAnimatedView.m in Sources */ = {isa = PBXBuildFile; fileRef = 041BAA7F1D9A304F00E05B03 /* SVProgressAnimatedView.m */; };
		041BAA881D9A304F00E05B03 /* SVProgressHUD.bundle in Resources */ = {isa = PBXBuildFile; fileRef = 041BAA811D9A304F00E05B03 /* SVProgressHUD.bundle */; };
		041BAA891D9A304F00E05B03 /* SVProgressHUD.m in Sources */ = {isa = PBXBuildFile; fileRef = 041BAA831D9A304F00E05B03 /* SVProgressHUD.m */; };
		041BAA8A1D9A304F00E05B03 /* SVRadialGradientLayer.m in Sources */ = {isa = PBXBuildFile; fileRef = 041BAA851D9A304F00E05B03 /* SVRadialGradientLayer.m */; };
		041BAD191D9A5A8F00E05B03 /* TencentOpenApi_IOS_Bundle.bundle in Resources */ = {isa = PBXBuildFile; fileRef = 041BAC321D9A5A8F00E05B03 /* TencentOpenApi_IOS_Bundle.bundle */; };
		041BAD1A1D9A5A8F00E05B03 /* TencentOpenAPI.framework in Frameworks */ = {isa = PBXBuildFile; fileRef = 041BAC331D9A5A8F00E05B03 /* TencentOpenAPI.framework */; };
		041BAD2A1D9A5AEF00E05B03 /* Security.framework in Frameworks */ = {isa = PBXBuildFile; fileRef = 041BAD291D9A5AEF00E05B03 /* Security.framework */; };
		041BAD2C1D9A5B1B00E05B03 /* libiconv.tbd in Frameworks */ = {isa = PBXBuildFile; fileRef = 041BAD2B1D9A5B1B00E05B03 /* libiconv.tbd */; };
		041BAD2E1D9A5B2700E05B03 /* SystemConfiguration.framework in Frameworks */ = {isa = PBXBuildFile; fileRef = 041BAD2D1D9A5B2700E05B03 /* SystemConfiguration.framework */; };
		041BAD301D9A5B3B00E05B03 /* CoreGraphics.framework in Frameworks */ = {isa = PBXBuildFile; fileRef = 041BAD2F1D9A5B3B00E05B03 /* CoreGraphics.framework */; };
		041BAD321D9A5B4B00E05B03 /* libsqlite3.tbd in Frameworks */ = {isa = PBXBuildFile; fileRef = 041BAD311D9A5B4B00E05B03 /* libsqlite3.tbd */; };
		041BAD341D9A5B5500E05B03 /* CoreTelephony.framework in Frameworks */ = {isa = PBXBuildFile; fileRef = 041BAD331D9A5B5500E05B03 /* CoreTelephony.framework */; };
		041BAD361D9A5B6700E05B03 /* libstdc++.tbd in Frameworks */ = {isa = PBXBuildFile; fileRef = 041BAD351D9A5B6700E05B03 /* libstdc++.tbd */; };
		041BAD381D9A5B7000E05B03 /* libz.tbd in Frameworks */ = {isa = PBXBuildFile; fileRef = 041BAD371D9A5B7000E05B03 /* libz.tbd */; };
		041BAD6C1D9A97A600E05B03 /* HyBaseParam.m in Sources */ = {isa = PBXBuildFile; fileRef = 041BAD691D9A97A600E05B03 /* HyBaseParam.m */; };
		041BAD6D1D9A97A600E05B03 /* HyBaseResult.m in Sources */ = {isa = PBXBuildFile; fileRef = 041BAD6B1D9A97A600E05B03 /* HyBaseResult.m */; };
		041BAD731D9A97C900E05B03 /* HyAccountTool.m in Sources */ = {isa = PBXBuildFile; fileRef = 041BAD701D9A97C900E05B03 /* HyAccountTool.m */; };
		041BAD741D9A97C900E05B03 /* HyHttpTool.m in Sources */ = {isa = PBXBuildFile; fileRef = 041BAD721D9A97C900E05B03 /* HyHttpTool.m */; };
		041BAD861D9A97E300E05B03 /* HyForgetPasswordParam.m in Sources */ = {isa = PBXBuildFile; fileRef = 041BAD7A1D9A97E200E05B03 /* HyForgetPasswordParam.m */; };
		041BAD871D9A97E300E05B03 /* HyForgetPasswordResult.m in Sources */ = {isa = PBXBuildFile; fileRef = 041BAD7C1D9A97E200E05B03 /* HyForgetPasswordResult.m */; };
		041BAD881D9A97E300E05B03 /* HyLoginParam.m in Sources */ = {isa = PBXBuildFile; fileRef = 041BAD7E1D9A97E200E05B03 /* HyLoginParam.m */; };
		041BAD891D9A97E300E05B03 /* HyLoginResult.m in Sources */ = {isa = PBXBuildFile; fileRef = 041BAD801D9A97E200E05B03 /* HyLoginResult.m */; };
		041BAD8A1D9A97E300E05B03 /* HySignParam.m in Sources */ = {isa = PBXBuildFile; fileRef = 041BAD821D9A97E200E05B03 /* HySignParam.m */; };
		041BAD8B1D9A97E300E05B03 /* HySignResult.m in Sources */ = {isa = PBXBuildFile; fileRef = 041BAD841D9A97E200E05B03 /* HySignResult.m */; };
		042EC9BD1D9A9E030060F7B7 /* HyLoginHttpTool.m in Sources */ = {isa = PBXBuildFile; fileRef = 042EC9BC1D9A9E030060F7B7 /* HyLoginHttpTool.m */; };
		042EC9C01D9A9FB80060F7B7 /* HyGetCodeResult.m in Sources */ = {isa = PBXBuildFile; fileRef = 042EC9BF1D9A9FB80060F7B7 /* HyGetCodeResult.m */; };
		044AC2761D8E24D900EC908C /* TheYellowView.m in Sources */ = {isa = PBXBuildFile; fileRef = 044AC2751D8E24D900EC908C /* TheYellowView.m */; };
		044AC27C1D8E6ABD00EC908C /* LittleButton.m in Sources */ = {isa = PBXBuildFile; fileRef = 044AC27B1D8E6ABD00EC908C /* LittleButton.m */; };
		044AC27F1D8EB13300EC908C /* yisheng.m in Sources */ = {isa = PBXBuildFile; fileRef = 044AC27E1D8EB13300EC908C /* yisheng.m */; };
		044AC2831D8EB13D00EC908C /* HyTableViewCell.m in Sources */ = {isa = PBXBuildFile; fileRef = 044AC2811D8EB13D00EC908C /* HyTableViewCell.m */; };
		044AC2841D8EB13D00EC908C /* HyTableViewCell.xib in Resources */ = {isa = PBXBuildFile; fileRef = 044AC2821D8EB13D00EC908C /* HyTableViewCell.xib */; };
		044AC2871D8EB52F00EC908C /* xinlingjitang1.xib in Resources */ = {isa = PBXBuildFile; fileRef = 044AC2851D8EB52F00EC908C /* xinlingjitang1.xib */; };
		044AC2881D8EB52F00EC908C /* xinlingjitang2.xib in Resources */ = {isa = PBXBuildFile; fileRef = 044AC2861D8EB52F00EC908C /* xinlingjitang2.xib */; };
		044AC28B1D8EB5F200EC908C /* xinlingjitang1View.m in Sources */ = {isa = PBXBuildFile; fileRef = 044AC28A1D8EB5F200EC908C /* xinlingjitang1View.m */; };
		044AC28E1D8EB60B00EC908C /* smallLableView.m in Sources */ = {isa = PBXBuildFile; fileRef = 044AC28D1D8EB60B00EC908C /* smallLableView.m */; };
		044AC2911D8EB61C00EC908C /* smallLableViewObject.m in Sources */ = {isa = PBXBuildFile; fileRef = 044AC2901D8EB61C00EC908C /* smallLableViewObject.m */; };
		0457851B1D9938EE00DCC063 /* HyLoginViewController.m in Sources */ = {isa = PBXBuildFile; fileRef = 045785191D9938EE00DCC063 /* HyLoginViewController.m */; };
		0457851C1D9938EE00DCC063 /* HyLoginViewController.xib in Resources */ = {isa = PBXBuildFile; fileRef = 0457851A1D9938EE00DCC063 /* HyLoginViewController.xib */; };
		045DBE961D80220F00CEAB63 /* main.m in Sources */ = {isa = PBXBuildFile; fileRef = 045DBE951D80220F00CEAB63 /* main.m */; };
		045DBEA21D80220F00CEAB63 /* Healer.xcdatamodeld in Sources */ = {isa = PBXBuildFile; fileRef = 045DBEA01D80220F00CEAB63 /* Healer.xcdatamodeld */; };
		045DBEA41D80220F00CEAB63 /* Assets.xcassets in Resources */ = {isa = PBXBuildFile; fileRef = 045DBEA31D80220F00CEAB63 /* Assets.xcassets */; };
		045DBEB21D80220F00CEAB63 /* HealerTests.m in Sources */ = {isa = PBXBuildFile; fileRef = 045DBEB11D80220F00CEAB63 /* HealerTests.m */; };
		045DBEBD1D80220F00CEAB63 /* HealerUITests.m in Sources */ = {isa = PBXBuildFile; fileRef = 045DBEBC1D80220F00CEAB63 /* HealerUITests.m */; };
		045DBED11D8023BB00CEAB63 /* AppDelegate.m in Sources */ = {isa = PBXBuildFile; fileRef = 045DBECE1D8023BB00CEAB63 /* AppDelegate.m */; };
		045DBEF11D80259A00CEAB63 /* HyHomeViewController.m in Sources */ = {isa = PBXBuildFile; fileRef = 045DBEF01D80259A00CEAB63 /* HyHomeViewController.m */; };
		045DBEF41D802A5900CEAB63 /* HySetViewController.m in Sources */ = {isa = PBXBuildFile; fileRef = 045DBEF31D802A5900CEAB63 /* HySetViewController.m */; };
		045DBEF71D802A7600CEAB63 /* HyFlyViewController.m in Sources */ = {isa = PBXBuildFile; fileRef = 045DBEF61D802A7600CEAB63 /* HyFlyViewController.m */; };
		045DBEFA1D802A8E00CEAB63 /* HyMassageViewController.m in Sources */ = {isa = PBXBuildFile; fileRef = 045DBEF91D802A8E00CEAB63 /* HyMassageViewController.m */; };
		045DBF001D80379500CEAB63 /* HyBaseViewController.m in Sources */ = {isa = PBXBuildFile; fileRef = 045DBEFF1D80379500CEAB63 /* HyBaseViewController.m */; };
		045DBF0C1D8144AF00CEAB63 /* HyCustomScrollView.m in Sources */ = {isa = PBXBuildFile; fileRef = 045DBF0B1D8144AF00CEAB63 /* HyCustomScrollView.m */; };
		045DBF151D81712300CEAB63 /* FellTableViewCell.m in Sources */ = {isa = PBXBuildFile; fileRef = 045DBF101D81712300CEAB63 /* FellTableViewCell.m */; };
		045DBF161D81712300CEAB63 /* FellTableViewCell.xib in Resources */ = {isa = PBXBuildFile; fileRef = 045DBF111D81712300CEAB63 /* FellTableViewCell.xib */; };
		045DBF171D81712300CEAB63 /* hotMoreView.m in Sources */ = {isa = PBXBuildFile; fileRef = 045DBF131D81712300CEAB63 /* hotMoreView.m */; };
		045DBF181D81712300CEAB63 /* hotMoreView.xib in Resources */ = {isa = PBXBuildFile; fileRef = 045DBF141D81712300CEAB63 /* hotMoreView.xib */; };
		045DBF1B1D81712900CEAB63 /* HotTalk.m in Sources */ = {isa = PBXBuildFile; fileRef = 045DBF1A1D81712900CEAB63 /* HotTalk.m */; };
		045DBF1D1D8179BA00CEAB63 /* hottalk.plist in Resources */ = {isa = PBXBuildFile; fileRef = 045DBF1C1D8179BA00CEAB63 /* hottalk.plist */; };
		0495937F1D9947B9007227CC /* HyFindPasswordViewController.m in Sources */ = {isa = PBXBuildFile; fileRef = 0495937D1D9947B9007227CC /* HyFindPasswordViewController.m */; };
		049593801D9947B9007227CC /* HyFindPasswordViewController.xib in Resources */ = {isa = PBXBuildFile; fileRef = 0495937E1D9947B9007227CC /* HyFindPasswordViewController.xib */; };
		04E6D3ED1D9956C100C67001 /* HySignViewController.m in Sources */ = {isa = PBXBuildFile; fileRef = 04E6D3EB1D9956C100C67001 /* HySignViewController.m */; };
		04E6D3EE1D9956C100C67001 /* HySignViewController.xib in Resources */ = {isa = PBXBuildFile; fileRef = 04E6D3EC1D9956C100C67001 /* HySignViewController.xib */; };
		051C30CF5419EBB200659EE8 /* libPods-Healer.a in Frameworks */ = {isa = PBXBuildFile; fileRef = 7B8467715469124D0E7CB863 /* libPods-Healer.a */; };
		3BA93BD4B35B96E1291BAAD0 /* libPods-HealerUITests.a in Frameworks */ = {isa = PBXBuildFile; fileRef = 88ED2B00D85A9EAEB157004C /* libPods-HealerUITests.a */; };
		901D41A6D6448326EB455E16 /* libPods-HealerTests.a in Frameworks */ = {isa = PBXBuildFile; fileRef = 7751DE73A49ADEF1E4ECA6E9 /* libPods-HealerTests.a */; };
/* End PBXBuildFile section */

/* Begin PBXContainerItemProxy section */
		045DBEAE1D80220F00CEAB63 /* PBXContainerItemProxy */ = {
			isa = PBXContainerItemProxy;
			containerPortal = 045DBE891D80220F00CEAB63 /* Project object */;
			proxyType = 1;
			remoteGlobalIDString = 045DBE901D80220F00CEAB63;
			remoteInfo = Healer;
		};
		045DBEB91D80220F00CEAB63 /* PBXContainerItemProxy */ = {
			isa = PBXContainerItemProxy;
			containerPortal = 045DBE891D80220F00CEAB63 /* Project object */;
			proxyType = 1;
			remoteGlobalIDString = 045DBE901D80220F00CEAB63;
			remoteInfo = Healer;
		};
/* End PBXContainerItemProxy section */

/* Begin PBXFileReference section */
		041BAA751D9A0CBE00E05B03 /* HyWelcomeViewController.h */ = {isa = PBXFileReference; fileEncoding = 4; lastKnownFileType = sourcecode.c.h; path = HyWelcomeViewController.h; sourceTree = "<group>"; };
		041BAA761D9A0CBE00E05B03 /* HyWelcomeViewController.m */ = {isa = PBXFileReference; fileEncoding = 4; lastKnownFileType = sourcecode.c.objc; path = HyWelcomeViewController.m; sourceTree = "<group>"; };
		041BAA7C1D9A304F00E05B03 /* SVIndefiniteAnimatedView.h */ = {isa = PBXFileReference; fileEncoding = 4; lastKnownFileType = sourcecode.c.h; path = SVIndefiniteAnimatedView.h; sourceTree = "<group>"; };
		041BAA7D1D9A304F00E05B03 /* SVIndefiniteAnimatedView.m */ = {isa = PBXFileReference; fileEncoding = 4; lastKnownFileType = sourcecode.c.objc; path = SVIndefiniteAnimatedView.m; sourceTree = "<group>"; };
		041BAA7E1D9A304F00E05B03 /* SVProgressAnimatedView.h */ = {isa = PBXFileReference; fileEncoding = 4; lastKnownFileType = sourcecode.c.h; path = SVProgressAnimatedView.h; sourceTree = "<group>"; };
		041BAA7F1D9A304F00E05B03 /* SVProgressAnimatedView.m */ = {isa = PBXFileReference; fileEncoding = 4; lastKnownFileType = sourcecode.c.objc; path = SVProgressAnimatedView.m; sourceTree = "<group>"; };
		041BAA801D9A304F00E05B03 /* SVProgressHUD-Prefix.pch */ = {isa = PBXFileReference; fileEncoding = 4; lastKnownFileType = sourcecode.c.h; path = "SVProgressHUD-Prefix.pch"; sourceTree = "<group>"; };
		041BAA811D9A304F00E05B03 /* SVProgressHUD.bundle */ = {isa = PBXFileReference; lastKnownFileType = "wrapper.plug-in"; path = SVProgressHUD.bundle; sourceTree = "<group>"; };
		041BAA821D9A304F00E05B03 /* SVProgressHUD.h */ = {isa = PBXFileReference; fileEncoding = 4; lastKnownFileType = sourcecode.c.h; path = SVProgressHUD.h; sourceTree = "<group>"; };
		041BAA831D9A304F00E05B03 /* SVProgressHUD.m */ = {isa = PBXFileReference; fileEncoding = 4; lastKnownFileType = sourcecode.c.objc; path = SVProgressHUD.m; sourceTree = "<group>"; };
		041BAA841D9A304F00E05B03 /* SVRadialGradientLayer.h */ = {isa = PBXFileReference; fileEncoding = 4; lastKnownFileType = sourcecode.c.h; path = SVRadialGradientLayer.h; sourceTree = "<group>"; };
		041BAA851D9A304F00E05B03 /* SVRadialGradientLayer.m */ = {isa = PBXFileReference; fileEncoding = 4; lastKnownFileType = sourcecode.c.objc; path = SVRadialGradientLayer.m; sourceTree = "<group>"; };
		041BAC321D9A5A8F00E05B03 /* TencentOpenApi_IOS_Bundle.bundle */ = {isa = PBXFileReference; lastKnownFileType = "wrapper.plug-in"; name = TencentOpenApi_IOS_Bundle.bundle; path = Healer/Libs/TencentOpenApi_IOS_Bundle.bundle; sourceTree = "<group>"; };
		041BAC331D9A5A8F00E05B03 /* TencentOpenAPI.framework */ = {isa = PBXFileReference; lastKnownFileType = wrapper.framework; name = TencentOpenAPI.framework; path = Healer/Libs/TencentOpenAPI.framework; sourceTree = "<group>"; };
		041BAD291D9A5AEF00E05B03 /* Security.framework */ = {isa = PBXFileReference; lastKnownFileType = wrapper.framework; name = Security.framework; path = System/Library/Frameworks/Security.framework; sourceTree = SDKROOT; };
		041BAD2B1D9A5B1B00E05B03 /* libiconv.tbd */ = {isa = PBXFileReference; lastKnownFileType = "sourcecode.text-based-dylib-definition"; name = libiconv.tbd; path = usr/lib/libiconv.tbd; sourceTree = SDKROOT; };
		041BAD2D1D9A5B2700E05B03 /* SystemConfiguration.framework */ = {isa = PBXFileReference; lastKnownFileType = wrapper.framework; name = SystemConfiguration.framework; path = System/Library/Frameworks/SystemConfiguration.framework; sourceTree = SDKROOT; };
		041BAD2F1D9A5B3B00E05B03 /* CoreGraphics.framework */ = {isa = PBXFileReference; lastKnownFileType = wrapper.framework; name = CoreGraphics.framework; path = System/Library/Frameworks/CoreGraphics.framework; sourceTree = SDKROOT; };
		041BAD311D9A5B4B00E05B03 /* libsqlite3.tbd */ = {isa = PBXFileReference; lastKnownFileType = "sourcecode.text-based-dylib-definition"; name = libsqlite3.tbd; path = usr/lib/libsqlite3.tbd; sourceTree = SDKROOT; };
		041BAD331D9A5B5500E05B03 /* CoreTelephony.framework */ = {isa = PBXFileReference; lastKnownFileType = wrapper.framework; name = CoreTelephony.framework; path = System/Library/Frameworks/CoreTelephony.framework; sourceTree = SDKROOT; };
		041BAD351D9A5B6700E05B03 /* libstdc++.tbd */ = {isa = PBXFileReference; lastKnownFileType = "sourcecode.text-based-dylib-definition"; name = "libstdc++.tbd"; path = "usr/lib/libstdc++.tbd"; sourceTree = SDKROOT; };
		041BAD371D9A5B7000E05B03 /* libz.tbd */ = {isa = PBXFileReference; lastKnownFileType = "sourcecode.text-based-dylib-definition"; name = libz.tbd; path = usr/lib/libz.tbd; sourceTree = SDKROOT; };
		041BAD681D9A97A600E05B03 /* HyBaseParam.h */ = {isa = PBXFileReference; fileEncoding = 4; lastKnownFileType = sourcecode.c.h; path = HyBaseParam.h; sourceTree = "<group>"; };
		041BAD691D9A97A600E05B03 /* HyBaseParam.m */ = {isa = PBXFileReference; fileEncoding = 4; lastKnownFileType = sourcecode.c.objc; path = HyBaseParam.m; sourceTree = "<group>"; };
		041BAD6A1D9A97A600E05B03 /* HyBaseResult.h */ = {isa = PBXFileReference; fileEncoding = 4; lastKnownFileType = sourcecode.c.h; path = HyBaseResult.h; sourceTree = "<group>"; };
		041BAD6B1D9A97A600E05B03 /* HyBaseResult.m */ = {isa = PBXFileReference; fileEncoding = 4; lastKnownFileType = sourcecode.c.objc; path = HyBaseResult.m; sourceTree = "<group>"; };
		041BAD6F1D9A97C900E05B03 /* HyAccountTool.h */ = {isa = PBXFileReference; fileEncoding = 4; lastKnownFileType = sourcecode.c.h; path = HyAccountTool.h; sourceTree = "<group>"; };
		041BAD701D9A97C900E05B03 /* HyAccountTool.m */ = {isa = PBXFileReference; fileEncoding = 4; lastKnownFileType = sourcecode.c.objc; path = HyAccountTool.m; sourceTree = "<group>"; };
		041BAD711D9A97C900E05B03 /* HyHttpTool.h */ = {isa = PBXFileReference; fileEncoding = 4; lastKnownFileType = sourcecode.c.h; path = HyHttpTool.h; sourceTree = "<group>"; };
		041BAD721D9A97C900E05B03 /* HyHttpTool.m */ = {isa = PBXFileReference; fileEncoding = 4; lastKnownFileType = sourcecode.c.objc; path = HyHttpTool.m; sourceTree = "<group>"; };
		041BAD791D9A97E200E05B03 /* HyForgetPasswordParam.h */ = {isa = PBXFileReference; fileEncoding = 4; lastKnownFileType = sourcecode.c.h; path = HyForgetPasswordParam.h; sourceTree = "<group>"; };
		041BAD7A1D9A97E200E05B03 /* HyForgetPasswordParam.m */ = {isa = PBXFileReference; fileEncoding = 4; lastKnownFileType = sourcecode.c.objc; path = HyForgetPasswordParam.m; sourceTree = "<group>"; };
		041BAD7B1D9A97E200E05B03 /* HyForgetPasswordResult.h */ = {isa = PBXFileReference; fileEncoding = 4; lastKnownFileType = sourcecode.c.h; path = HyForgetPasswordResult.h; sourceTree = "<group>"; };
		041BAD7C1D9A97E200E05B03 /* HyForgetPasswordResult.m */ = {isa = PBXFileReference; fileEncoding = 4; lastKnownFileType = sourcecode.c.objc; path = HyForgetPasswordResult.m; sourceTree = "<group>"; };
		041BAD7D1D9A97E200E05B03 /* HyLoginParam.h */ = {isa = PBXFileReference; fileEncoding = 4; lastKnownFileType = sourcecode.c.h; path = HyLoginParam.h; sourceTree = "<group>"; };
		041BAD7E1D9A97E200E05B03 /* HyLoginParam.m */ = {isa = PBXFileReference; fileEncoding = 4; lastKnownFileType = sourcecode.c.objc; path = HyLoginParam.m; sourceTree = "<group>"; };
		041BAD7F1D9A97E200E05B03 /* HyLoginResult.h */ = {isa = PBXFileReference; fileEncoding = 4; lastKnownFileType = sourcecode.c.h; path = HyLoginResult.h; sourceTree = "<group>"; };
		041BAD801D9A97E200E05B03 /* HyLoginResult.m */ = {isa = PBXFileReference; fileEncoding = 4; lastKnownFileType = sourcecode.c.objc; path = HyLoginResult.m; sourceTree = "<group>"; };
		041BAD811D9A97E200E05B03 /* HySignParam.h */ = {isa = PBXFileReference; fileEncoding = 4; lastKnownFileType = sourcecode.c.h; path = HySignParam.h; sourceTree = "<group>"; };
		041BAD821D9A97E200E05B03 /* HySignParam.m */ = {isa = PBXFileReference; fileEncoding = 4; lastKnownFileType = sourcecode.c.objc; path = HySignParam.m; sourceTree = "<group>"; };
		041BAD831D9A97E200E05B03 /* HySignResult.h */ = {isa = PBXFileReference; fileEncoding = 4; lastKnownFileType = sourcecode.c.h; path = HySignResult.h; sourceTree = "<group>"; };
		041BAD841D9A97E200E05B03 /* HySignResult.m */ = {isa = PBXFileReference; fileEncoding = 4; lastKnownFileType = sourcecode.c.objc; path = HySignResult.m; sourceTree = "<group>"; };
		042EC9BB1D9A9E030060F7B7 /* HyLoginHttpTool.h */ = {isa = PBXFileReference; fileEncoding = 4; lastKnownFileType = sourcecode.c.h; path = HyLoginHttpTool.h; sourceTree = "<group>"; };
		042EC9BC1D9A9E030060F7B7 /* HyLoginHttpTool.m */ = {isa = PBXFileReference; fileEncoding = 4; lastKnownFileType = sourcecode.c.objc; path = HyLoginHttpTool.m; sourceTree = "<group>"; };
		042EC9BE1D9A9FB80060F7B7 /* HyGetCodeResult.h */ = {isa = PBXFileReference; fileEncoding = 4; lastKnownFileType = sourcecode.c.h; path = HyGetCodeResult.h; sourceTree = "<group>"; };
		042EC9BF1D9A9FB80060F7B7 /* HyGetCodeResult.m */ = {isa = PBXFileReference; fileEncoding = 4; lastKnownFileType = sourcecode.c.objc; path = HyGetCodeResult.m; sourceTree = "<group>"; };
		044AC2741D8E24D900EC908C /* TheYellowView.h */ = {isa = PBXFileReference; fileEncoding = 4; lastKnownFileType = sourcecode.c.h; path = TheYellowView.h; sourceTree = "<group>"; };
		044AC2751D8E24D900EC908C /* TheYellowView.m */ = {isa = PBXFileReference; fileEncoding = 4; lastKnownFileType = sourcecode.c.objc; path = TheYellowView.m; sourceTree = "<group>"; };
		044AC27A1D8E6ABD00EC908C /* LittleButton.h */ = {isa = PBXFileReference; fileEncoding = 4; lastKnownFileType = sourcecode.c.h; path = LittleButton.h; sourceTree = "<group>"; };
		044AC27B1D8E6ABD00EC908C /* LittleButton.m */ = {isa = PBXFileReference; fileEncoding = 4; lastKnownFileType = sourcecode.c.objc; path = LittleButton.m; sourceTree = "<group>"; };
		044AC27D1D8EB13300EC908C /* yisheng.h */ = {isa = PBXFileReference; fileEncoding = 4; lastKnownFileType = sourcecode.c.h; path = yisheng.h; sourceTree = "<group>"; };
		044AC27E1D8EB13300EC908C /* yisheng.m */ = {isa = PBXFileReference; fileEncoding = 4; lastKnownFileType = sourcecode.c.objc; path = yisheng.m; sourceTree = "<group>"; };
		044AC2801D8EB13D00EC908C /* HyTableViewCell.h */ = {isa = PBXFileReference; fileEncoding = 4; lastKnownFileType = sourcecode.c.h; path = HyTableViewCell.h; sourceTree = "<group>"; };
		044AC2811D8EB13D00EC908C /* HyTableViewCell.m */ = {isa = PBXFileReference; fileEncoding = 4; lastKnownFileType = sourcecode.c.objc; path = HyTableViewCell.m; sourceTree = "<group>"; };
		044AC2821D8EB13D00EC908C /* HyTableViewCell.xib */ = {isa = PBXFileReference; fileEncoding = 4; lastKnownFileType = file.xib; path = HyTableViewCell.xib; sourceTree = "<group>"; };
		044AC2851D8EB52F00EC908C /* xinlingjitang1.xib */ = {isa = PBXFileReference; fileEncoding = 4; lastKnownFileType = file.xib; path = xinlingjitang1.xib; sourceTree = "<group>"; };
		044AC2861D8EB52F00EC908C /* xinlingjitang2.xib */ = {isa = PBXFileReference; fileEncoding = 4; lastKnownFileType = file.xib; path = xinlingjitang2.xib; sourceTree = "<group>"; };
		044AC2891D8EB5F200EC908C /* xinlingjitang1View.h */ = {isa = PBXFileReference; fileEncoding = 4; lastKnownFileType = sourcecode.c.h; path = xinlingjitang1View.h; sourceTree = "<group>"; };
		044AC28A1D8EB5F200EC908C /* xinlingjitang1View.m */ = {isa = PBXFileReference; fileEncoding = 4; lastKnownFileType = sourcecode.c.objc; path = xinlingjitang1View.m; sourceTree = "<group>"; };
		044AC28C1D8EB60B00EC908C /* smallLableView.h */ = {isa = PBXFileReference; fileEncoding = 4; lastKnownFileType = sourcecode.c.h; path = smallLableView.h; sourceTree = "<group>"; };
		044AC28D1D8EB60B00EC908C /* smallLableView.m */ = {isa = PBXFileReference; fileEncoding = 4; lastKnownFileType = sourcecode.c.objc; path = smallLableView.m; sourceTree = "<group>"; };
		044AC28F1D8EB61C00EC908C /* smallLableViewObject.h */ = {isa = PBXFileReference; fileEncoding = 4; lastKnownFileType = sourcecode.c.h; path = smallLableViewObject.h; sourceTree = "<group>"; };
		044AC2901D8EB61C00EC908C /* smallLableViewObject.m */ = {isa = PBXFileReference; fileEncoding = 4; lastKnownFileType = sourcecode.c.objc; path = smallLableViewObject.m; sourceTree = "<group>"; };
		045785181D9938EE00DCC063 /* HyLoginViewController.h */ = {isa = PBXFileReference; fileEncoding = 4; lastKnownFileType = sourcecode.c.h; path = HyLoginViewController.h; sourceTree = "<group>"; };
		045785191D9938EE00DCC063 /* HyLoginViewController.m */ = {isa = PBXFileReference; fileEncoding = 4; lastKnownFileType = sourcecode.c.objc; path = HyLoginViewController.m; sourceTree = "<group>"; };
		0457851A1D9938EE00DCC063 /* HyLoginViewController.xib */ = {isa = PBXFileReference; fileEncoding = 4; lastKnownFileType = file.xib; path = HyLoginViewController.xib; sourceTree = "<group>"; };
		045DBE911D80220F00CEAB63 /* Healer.app */ = {isa = PBXFileReference; explicitFileType = wrapper.application; includeInIndex = 0; path = Healer.app; sourceTree = BUILT_PRODUCTS_DIR; };
		045DBE951D80220F00CEAB63 /* main.m */ = {isa = PBXFileReference; lastKnownFileType = sourcecode.c.objc; path = main.m; sourceTree = "<group>"; };
		045DBEA11D80220F00CEAB63 /* Healer.xcdatamodel */ = {isa = PBXFileReference; lastKnownFileType = wrapper.xcdatamodel; path = Healer.xcdatamodel; sourceTree = "<group>"; };
		045DBEA31D80220F00CEAB63 /* Assets.xcassets */ = {isa = PBXFileReference; lastKnownFileType = folder.assetcatalog; path = Assets.xcassets; sourceTree = "<group>"; };
		045DBEA81D80220F00CEAB63 /* Info.plist */ = {isa = PBXFileReference; lastKnownFileType = text.plist.xml; path = Info.plist; sourceTree = "<group>"; };
		045DBEAD1D80220F00CEAB63 /* HealerTests.xctest */ = {isa = PBXFileReference; explicitFileType = wrapper.cfbundle; includeInIndex = 0; path = HealerTests.xctest; sourceTree = BUILT_PRODUCTS_DIR; };
		045DBEB11D80220F00CEAB63 /* HealerTests.m */ = {isa = PBXFileReference; lastKnownFileType = sourcecode.c.objc; path = HealerTests.m; sourceTree = "<group>"; };
		045DBEB31D80220F00CEAB63 /* Info.plist */ = {isa = PBXFileReference; lastKnownFileType = text.plist.xml; path = Info.plist; sourceTree = "<group>"; };
		045DBEB81D80220F00CEAB63 /* HealerUITests.xctest */ = {isa = PBXFileReference; explicitFileType = wrapper.cfbundle; includeInIndex = 0; path = HealerUITests.xctest; sourceTree = BUILT_PRODUCTS_DIR; };
		045DBEBC1D80220F00CEAB63 /* HealerUITests.m */ = {isa = PBXFileReference; lastKnownFileType = sourcecode.c.objc; path = HealerUITests.m; sourceTree = "<group>"; };
		045DBEBE1D80220F00CEAB63 /* Info.plist */ = {isa = PBXFileReference; lastKnownFileType = text.plist.xml; path = Info.plist; sourceTree = "<group>"; };
		045DBECD1D8023BB00CEAB63 /* AppDelegate.h */ = {isa = PBXFileReference; fileEncoding = 4; lastKnownFileType = sourcecode.c.h; path = AppDelegate.h; sourceTree = "<group>"; };
		045DBECE1D8023BB00CEAB63 /* AppDelegate.m */ = {isa = PBXFileReference; fileEncoding = 4; lastKnownFileType = sourcecode.c.objc; path = AppDelegate.m; sourceTree = "<group>"; };
		045DBEEF1D80259A00CEAB63 /* HyHomeViewController.h */ = {isa = PBXFileReference; fileEncoding = 4; lastKnownFileType = sourcecode.c.h; path = HyHomeViewController.h; sourceTree = "<group>"; };
		045DBEF01D80259A00CEAB63 /* HyHomeViewController.m */ = {isa = PBXFileReference; fileEncoding = 4; lastKnownFileType = sourcecode.c.objc; path = HyHomeViewController.m; sourceTree = "<group>"; };
		045DBEF21D802A5900CEAB63 /* HySetViewController.h */ = {isa = PBXFileReference; fileEncoding = 4; lastKnownFileType = sourcecode.c.h; path = HySetViewController.h; sourceTree = "<group>"; };
		045DBEF31D802A5900CEAB63 /* HySetViewController.m */ = {isa = PBXFileReference; fileEncoding = 4; lastKnownFileType = sourcecode.c.objc; path = HySetViewController.m; sourceTree = "<group>"; };
		045DBEF51D802A7600CEAB63 /* HyFlyViewController.h */ = {isa = PBXFileReference; fileEncoding = 4; lastKnownFileType = sourcecode.c.h; path = HyFlyViewController.h; sourceTree = "<group>"; };
		045DBEF61D802A7600CEAB63 /* HyFlyViewController.m */ = {isa = PBXFileReference; fileEncoding = 4; lastKnownFileType = sourcecode.c.objc; path = HyFlyViewController.m; sourceTree = "<group>"; };
		045DBEF81D802A8E00CEAB63 /* HyMassageViewController.h */ = {isa = PBXFileReference; fileEncoding = 4; lastKnownFileType = sourcecode.c.h; path = HyMassageViewController.h; sourceTree = "<group>"; };
		045DBEF91D802A8E00CEAB63 /* HyMassageViewController.m */ = {isa = PBXFileReference; fileEncoding = 4; lastKnownFileType = sourcecode.c.objc; path = HyMassageViewController.m; sourceTree = "<group>"; };
		045DBEFE1D80379500CEAB63 /* HyBaseViewController.h */ = {isa = PBXFileReference; fileEncoding = 4; lastKnownFileType = sourcecode.c.h; path = HyBaseViewController.h; sourceTree = "<group>"; };
		045DBEFF1D80379500CEAB63 /* HyBaseViewController.m */ = {isa = PBXFileReference; fileEncoding = 4; lastKnownFileType = sourcecode.c.objc; path = HyBaseViewController.m; sourceTree = "<group>"; };
		045DBF0A1D8144AF00CEAB63 /* HyCustomScrollView.h */ = {isa = PBXFileReference; fileEncoding = 4; lastKnownFileType = sourcecode.c.h; path = HyCustomScrollView.h; sourceTree = "<group>"; };
		045DBF0B1D8144AF00CEAB63 /* HyCustomScrollView.m */ = {isa = PBXFileReference; fileEncoding = 4; lastKnownFileType = sourcecode.c.objc; path = HyCustomScrollView.m; sourceTree = "<group>"; };
		045DBF0F1D81712300CEAB63 /* FellTableViewCell.h */ = {isa = PBXFileReference; fileEncoding = 4; lastKnownFileType = sourcecode.c.h; name = FellTableViewCell.h; path = ../../massage/View/FellTableViewCell.h; sourceTree = "<group>"; };
		045DBF101D81712300CEAB63 /* FellTableViewCell.m */ = {isa = PBXFileReference; fileEncoding = 4; lastKnownFileType = sourcecode.c.objc; name = FellTableViewCell.m; path = ../../massage/View/FellTableViewCell.m; sourceTree = "<group>"; };
		045DBF111D81712300CEAB63 /* FellTableViewCell.xib */ = {isa = PBXFileReference; fileEncoding = 4; lastKnownFileType = file.xib; name = FellTableViewCell.xib; path = ../../massage/View/FellTableViewCell.xib; sourceTree = "<group>"; };
		045DBF121D81712300CEAB63 /* hotMoreView.h */ = {isa = PBXFileReference; fileEncoding = 4; lastKnownFileType = sourcecode.c.h; name = hotMoreView.h; path = ../../massage/View/hotMoreView.h; sourceTree = "<group>"; };
		045DBF131D81712300CEAB63 /* hotMoreView.m */ = {isa = PBXFileReference; fileEncoding = 4; lastKnownFileType = sourcecode.c.objc; name = hotMoreView.m; path = ../../massage/View/hotMoreView.m; sourceTree = "<group>"; };
		045DBF141D81712300CEAB63 /* hotMoreView.xib */ = {isa = PBXFileReference; fileEncoding = 4; lastKnownFileType = file.xib; name = hotMoreView.xib; path = ../../massage/View/hotMoreView.xib; sourceTree = "<group>"; };
		045DBF191D81712900CEAB63 /* HotTalk.h */ = {isa = PBXFileReference; fileEncoding = 4; lastKnownFileType = sourcecode.c.h; name = HotTalk.h; path = ../../massage/Model/HotTalk.h; sourceTree = "<group>"; };
		045DBF1A1D81712900CEAB63 /* HotTalk.m */ = {isa = PBXFileReference; fileEncoding = 4; lastKnownFileType = sourcecode.c.objc; name = HotTalk.m; path = ../../massage/Model/HotTalk.m; sourceTree = "<group>"; };
		045DBF1C1D8179BA00CEAB63 /* hottalk.plist */ = {isa = PBXFileReference; fileEncoding = 4; lastKnownFileType = text.plist.xml; path = hottalk.plist; sourceTree = "<group>"; };
		0495937C1D9947B9007227CC /* HyFindPasswordViewController.h */ = {isa = PBXFileReference; fileEncoding = 4; lastKnownFileType = sourcecode.c.h; path = HyFindPasswordViewController.h; sourceTree = "<group>"; };
		0495937D1D9947B9007227CC /* HyFindPasswordViewController.m */ = {isa = PBXFileReference; fileEncoding = 4; lastKnownFileType = sourcecode.c.objc; path = HyFindPasswordViewController.m; sourceTree = "<group>"; };
		0495937E1D9947B9007227CC /* HyFindPasswordViewController.xib */ = {isa = PBXFileReference; fileEncoding = 4; lastKnownFileType = file.xib; path = HyFindPasswordViewController.xib; sourceTree = "<group>"; };
		04E6D3EA1D9956C100C67001 /* HySignViewController.h */ = {isa = PBXFileReference; fileEncoding = 4; lastKnownFileType = sourcecode.c.h; path = HySignViewController.h; sourceTree = "<group>"; };
		04E6D3EB1D9956C100C67001 /* HySignViewController.m */ = {isa = PBXFileReference; fileEncoding = 4; lastKnownFileType = sourcecode.c.objc; path = HySignViewController.m; sourceTree = "<group>"; };
		04E6D3EC1D9956C100C67001 /* HySignViewController.xib */ = {isa = PBXFileReference; fileEncoding = 4; lastKnownFileType = file.xib; path = HySignViewController.xib; sourceTree = "<group>"; };
		082B2647332ECD851D530746 /* Pods-HealerUITests.release.xcconfig */ = {isa = PBXFileReference; includeInIndex = 1; lastKnownFileType = text.xcconfig; name = "Pods-HealerUITests.release.xcconfig"; path = "Pods/Target Support Files/Pods-HealerUITests/Pods-HealerUITests.release.xcconfig"; sourceTree = "<group>"; };
		11879738F75F0DF39013A748 /* Pods-Healer.debug.xcconfig */ = {isa = PBXFileReference; includeInIndex = 1; lastKnownFileType = text.xcconfig; name = "Pods-Healer.debug.xcconfig"; path = "Pods/Target Support Files/Pods-Healer/Pods-Healer.debug.xcconfig"; sourceTree = "<group>"; };
		35A687B0CBD5C316FD233EF5 /* Pods-HealerTests.release.xcconfig */ = {isa = PBXFileReference; includeInIndex = 1; lastKnownFileType = text.xcconfig; name = "Pods-HealerTests.release.xcconfig"; path = "Pods/Target Support Files/Pods-HealerTests/Pods-HealerTests.release.xcconfig"; sourceTree = "<group>"; };
		48EAE4A167B92FDA2DE03321 /* Pods-Healer.release.xcconfig */ = {isa = PBXFileReference; includeInIndex = 1; lastKnownFileType = text.xcconfig; name = "Pods-Healer.release.xcconfig"; path = "Pods/Target Support Files/Pods-Healer/Pods-Healer.release.xcconfig"; sourceTree = "<group>"; };
		7751DE73A49ADEF1E4ECA6E9 /* libPods-HealerTests.a */ = {isa = PBXFileReference; explicitFileType = archive.ar; includeInIndex = 0; path = "libPods-HealerTests.a"; sourceTree = BUILT_PRODUCTS_DIR; };
		7B8467715469124D0E7CB863 /* libPods-Healer.a */ = {isa = PBXFileReference; explicitFileType = archive.ar; includeInIndex = 0; path = "libPods-Healer.a"; sourceTree = BUILT_PRODUCTS_DIR; };
		88ED2B00D85A9EAEB157004C /* libPods-HealerUITests.a */ = {isa = PBXFileReference; explicitFileType = archive.ar; includeInIndex = 0; path = "libPods-HealerUITests.a"; sourceTree = BUILT_PRODUCTS_DIR; };
		96ACD205A9A8C33865380285 /* Pods-HealerTests.debug.xcconfig */ = {isa = PBXFileReference; includeInIndex = 1; lastKnownFileType = text.xcconfig; name = "Pods-HealerTests.debug.xcconfig"; path = "Pods/Target Support Files/Pods-HealerTests/Pods-HealerTests.debug.xcconfig"; sourceTree = "<group>"; };
		ABFA1F3E56E23CC645AB732D /* Pods-HealerUITests.debug.xcconfig */ = {isa = PBXFileReference; includeInIndex = 1; lastKnownFileType = text.xcconfig; name = "Pods-HealerUITests.debug.xcconfig"; path = "Pods/Target Support Files/Pods-HealerUITests/Pods-HealerUITests.debug.xcconfig"; sourceTree = "<group>"; };
/* End PBXFileReference section */

/* Begin PBXFrameworksBuildPhase section */
		045DBE8E1D80220F00CEAB63 /* Frameworks */ = {
			isa = PBXFrameworksBuildPhase;
			buildActionMask = 2147483647;
			files = (
				041BAD381D9A5B7000E05B03 /* libz.tbd in Frameworks */,
				041BAD361D9A5B6700E05B03 /* libstdc++.tbd in Frameworks */,
				041BAD341D9A5B5500E05B03 /* CoreTelephony.framework in Frameworks */,
				041BAD321D9A5B4B00E05B03 /* libsqlite3.tbd in Frameworks */,
				041BAD301D9A5B3B00E05B03 /* CoreGraphics.framework in Frameworks */,
				041BAD2E1D9A5B2700E05B03 /* SystemConfiguration.framework in Frameworks */,
				051C30CF5419EBB200659EE8 /* libPods-Healer.a in Frameworks */,
				041BAD2C1D9A5B1B00E05B03 /* libiconv.tbd in Frameworks */,
				041BAD2A1D9A5AEF00E05B03 /* Security.framework in Frameworks */,
				041BAD1A1D9A5A8F00E05B03 /* TencentOpenAPI.framework in Frameworks */,
			);
			runOnlyForDeploymentPostprocessing = 0;
		};
		045DBEAA1D80220F00CEAB63 /* Frameworks */ = {
			isa = PBXFrameworksBuildPhase;
			buildActionMask = 2147483647;
			files = (
				901D41A6D6448326EB455E16 /* libPods-HealerTests.a in Frameworks */,
			);
			runOnlyForDeploymentPostprocessing = 0;
		};
		045DBEB51D80220F00CEAB63 /* Frameworks */ = {
			isa = PBXFrameworksBuildPhase;
			buildActionMask = 2147483647;
			files = (
				3BA93BD4B35B96E1291BAAD0 /* libPods-HealerUITests.a in Frameworks */,
			);
			runOnlyForDeploymentPostprocessing = 0;
		};
/* End PBXFrameworksBuildPhase section */

/* Begin PBXGroup section */
		0413E0211D823D5C00CF0B66 /* Tool */ = {
			isa = PBXGroup;
			children = (
			);
			name = Tool;
			sourceTree = "<group>";
		};
		041BAA731D9A0CA200E05B03 /* Welcome */ = {
			isa = PBXGroup;
			children = (
				041BAA741D9A0CA200E05B03 /* Controller */,
			);
			path = Welcome;
			sourceTree = "<group>";
		};
		041BAA741D9A0CA200E05B03 /* Controller */ = {
			isa = PBXGroup;
			children = (
				041BAA751D9A0CBE00E05B03 /* HyWelcomeViewController.h */,
				041BAA761D9A0CBE00E05B03 /* HyWelcomeViewController.m */,
			);
			path = Controller;
			sourceTree = "<group>";
		};
		041BAA7A1D9A2DCF00E05B03 /* Libs */ = {
			isa = PBXGroup;
			children = (
				042ECA2E1D9AA2350060F7B7 /* MJExtension */,
				041BAA7B1D9A304F00E05B03 /* SVProgressHUD */,
			);
			path = Libs;
			sourceTree = "<group>";
		};
		041BAA7B1D9A304F00E05B03 /* SVProgressHUD */ = {
			isa = PBXGroup;
			children = (
				041BAA7C1D9A304F00E05B03 /* SVIndefiniteAnimatedView.h */,
				041BAA7D1D9A304F00E05B03 /* SVIndefiniteAnimatedView.m */,
				041BAA7E1D9A304F00E05B03 /* SVProgressAnimatedView.h */,
				041BAA7F1D9A304F00E05B03 /* SVProgressAnimatedView.m */,
				041BAA801D9A304F00E05B03 /* SVProgressHUD-Prefix.pch */,
				041BAA811D9A304F00E05B03 /* SVProgressHUD.bundle */,
				041BAA821D9A304F00E05B03 /* SVProgressHUD.h */,
				041BAA831D9A304F00E05B03 /* SVProgressHUD.m */,
				041BAA841D9A304F00E05B03 /* SVRadialGradientLayer.h */,
				041BAA851D9A304F00E05B03 /* SVRadialGradientLayer.m */,
			);
			path = SVProgressHUD;
			sourceTree = "<group>";
		};
		041BAD391D9A842100E05B03 /* Config */ = {
			isa = PBXGroup;
			children = (
				041BAD6E1D9A97C900E05B03 /* Tool */,
				041BAD671D9A97A600E05B03 /* Model */,
				041BAD3A1D9A842100E05B03 /* Controller */,
				041BAD3E1D9A842100E05B03 /* View */,
			);
			path = Config;
			sourceTree = "<group>";
		};
		041BAD3A1D9A842100E05B03 /* Controller */ = {
			isa = PBXGroup;
			children = (
			);
			path = Controller;
			sourceTree = "<group>";
		};
		041BAD3E1D9A842100E05B03 /* View */ = {
			isa = PBXGroup;
			children = (
			);
			path = View;
			sourceTree = "<group>";
		};
		041BAD671D9A97A600E05B03 /* Model */ = {
			isa = PBXGroup;
			children = (
				041BAD681D9A97A600E05B03 /* HyBaseParam.h */,
				041BAD691D9A97A600E05B03 /* HyBaseParam.m */,
				041BAD6A1D9A97A600E05B03 /* HyBaseResult.h */,
				041BAD6B1D9A97A600E05B03 /* HyBaseResult.m */,
			);
			path = Model;
			sourceTree = "<group>";
		};
		041BAD6E1D9A97C900E05B03 /* Tool */ = {
			isa = PBXGroup;
			children = (
				041BAD6F1D9A97C900E05B03 /* HyAccountTool.h */,
				041BAD701D9A97C900E05B03 /* HyAccountTool.m */,
				041BAD711D9A97C900E05B03 /* HyHttpTool.h */,
				041BAD721D9A97C900E05B03 /* HyHttpTool.m */,
			);
			path = Tool;
			sourceTree = "<group>";
		};
		041BAD751D9A97E200E05B03 /* Tool */ = {
			isa = PBXGroup;
			children = (
				041BAD781D9A97E200E05B03 /* model */,
				042EC9BB1D9A9E030060F7B7 /* HyLoginHttpTool.h */,
				042EC9BC1D9A9E030060F7B7 /* HyLoginHttpTool.m */,
			);
			path = Tool;
			sourceTree = "<group>";
		};
		041BAD781D9A97E200E05B03 /* model */ = {
			isa = PBXGroup;
			children = (
				041BAD791D9A97E200E05B03 /* HyForgetPasswordParam.h */,
				041BAD7A1D9A97E200E05B03 /* HyForgetPasswordParam.m */,
				041BAD7B1D9A97E200E05B03 /* HyForgetPasswordResult.h */,
				041BAD7C1D9A97E200E05B03 /* HyForgetPasswordResult.m */,
				041BAD7D1D9A97E200E05B03 /* HyLoginParam.h */,
				041BAD7E1D9A97E200E05B03 /* HyLoginParam.m */,
				041BAD7F1D9A97E200E05B03 /* HyLoginResult.h */,
				041BAD801D9A97E200E05B03 /* HyLoginResult.m */,
				041BAD811D9A97E200E05B03 /* HySignParam.h */,
				041BAD821D9A97E200E05B03 /* HySignParam.m */,
				041BAD831D9A97E200E05B03 /* HySignResult.h */,
				041BAD841D9A97E200E05B03 /* HySignResult.m */,
				042EC9BE1D9A9FB80060F7B7 /* HyGetCodeResult.h */,
				042EC9BF1D9A9FB80060F7B7 /* HyGetCodeResult.m */,
			);
			path = model;
			sourceTree = "<group>";
		};
		042ECA2E1D9AA2350060F7B7 /* MJExtension */ = {
			isa = PBXGroup;
			children = (
			);
			name = MJExtension;
			path = MJExtension/MJExtension;
			sourceTree = "<group>";
		};
		045785141D9938D600DCC063 /* Login */ = {
			isa = PBXGroup;
			children = (
				041BAD751D9A97E200E05B03 /* Tool */,
				045785151D9938D600DCC063 /* Controller */,
				045785161D9938D600DCC063 /* Model */,
				045785171D9938D600DCC063 /* View */,
			);
			path = Login;
			sourceTree = "<group>";
		};
		045785151D9938D600DCC063 /* Controller */ = {
			isa = PBXGroup;
			children = (
				045785181D9938EE00DCC063 /* HyLoginViewController.h */,
				045785191D9938EE00DCC063 /* HyLoginViewController.m */,
				0457851A1D9938EE00DCC063 /* HyLoginViewController.xib */,
				0495937C1D9947B9007227CC /* HyFindPasswordViewController.h */,
				0495937D1D9947B9007227CC /* HyFindPasswordViewController.m */,
				0495937E1D9947B9007227CC /* HyFindPasswordViewController.xib */,
				04E6D3EA1D9956C100C67001 /* HySignViewController.h */,
				04E6D3EB1D9956C100C67001 /* HySignViewController.m */,
				04E6D3EC1D9956C100C67001 /* HySignViewController.xib */,
			);
			path = Controller;
			sourceTree = "<group>";
		};
		045785161D9938D600DCC063 /* Model */ = {
			isa = PBXGroup;
			children = (
			);
			path = Model;
			sourceTree = "<group>";
		};
		045785171D9938D600DCC063 /* View */ = {
			isa = PBXGroup;
			children = (
			);
			path = View;
			sourceTree = "<group>";
		};
		045DBE881D80220F00CEAB63 = {
			isa = PBXGroup;
			children = (
				045DBE931D80220F00CEAB63 /* Healer */,
				045DBEB01D80220F00CEAB63 /* HealerTests */,
				045DBEBB1D80220F00CEAB63 /* HealerUITests */,
				045DBE921D80220F00CEAB63 /* Products */,
				70F9D548164199934C4C7EAF /* Pods */,
				96BE6BF6F539A2CD4951F4D0 /* Frameworks */,
			);
			sourceTree = "<group>";
		};
		045DBE921D80220F00CEAB63 /* Products */ = {
			isa = PBXGroup;
			children = (
				045DBE911D80220F00CEAB63 /* Healer.app */,
				045DBEAD1D80220F00CEAB63 /* HealerTests.xctest */,
				045DBEB81D80220F00CEAB63 /* HealerUITests.xctest */,
			);
			name = Products;
			sourceTree = "<group>";
		};
		045DBE931D80220F00CEAB63 /* Healer */ = {
			isa = PBXGroup;
			children = (
				041BAD391D9A842100E05B03 /* Config */,
				045DBECC1D8023BB00CEAB63 /* class */,
				041BAA7A1D9A2DCF00E05B03 /* Libs */,
				045DBEA31D80220F00CEAB63 /* Assets.xcassets */,
				045DBE941D80220F00CEAB63 /* Supporting Files */,
			);
			path = Healer;
			sourceTree = "<group>";
		};
		045DBE941D80220F00CEAB63 /* Supporting Files */ = {
			isa = PBXGroup;
			children = (
				045DBEA01D80220F00CEAB63 /* Healer.xcdatamodeld */,
				045DBEA81D80220F00CEAB63 /* Info.plist */,
				045DBF1C1D8179BA00CEAB63 /* hottalk.plist */,
				045DBE951D80220F00CEAB63 /* main.m */,
			);
			name = "Supporting Files";
			sourceTree = "<group>";
		};
		045DBEB01D80220F00CEAB63 /* HealerTests */ = {
			isa = PBXGroup;
			children = (
				045DBEB11D80220F00CEAB63 /* HealerTests.m */,
				045DBEB31D80220F00CEAB63 /* Info.plist */,
			);
			path = HealerTests;
			sourceTree = "<group>";
		};
		045DBEBB1D80220F00CEAB63 /* HealerUITests */ = {
			isa = PBXGroup;
			children = (
				045DBEBC1D80220F00CEAB63 /* HealerUITests.m */,
				045DBEBE1D80220F00CEAB63 /* Info.plist */,
			);
			path = HealerUITests;
			sourceTree = "<group>";
		};
		045DBECC1D8023BB00CEAB63 /* class */ = {
			isa = PBXGroup;
			children = (
				045DBECD1D8023BB00CEAB63 /* AppDelegate.h */,
				045DBECE1D8023BB00CEAB63 /* AppDelegate.m */,
				041BAA731D9A0CA200E05B03 /* Welcome */,
				045785141D9938D600DCC063 /* Login */,
				045DBED31D80251500CEAB63 /* Fly */,
				045DBED71D80251500CEAB63 /* Home */,
				045DBEDB1D80251500CEAB63 /* icon */,
				045DBEDF1D80251500CEAB63 /* massage */,
				045DBEE31D80251500CEAB63 /* me */,
				045DBEE71D80251500CEAB63 /* Self */,
				045DBEEB1D80251600CEAB63 /* Set */,
			);
			path = class;
			sourceTree = "<group>";
		};
		045DBED31D80251500CEAB63 /* Fly */ = {
			isa = PBXGroup;
			children = (
				045DBED41D80251500CEAB63 /* Controller */,
				045DBED51D80251500CEAB63 /* Model */,
				045DBED61D80251500CEAB63 /* View */,
			);
			path = Fly;
			sourceTree = "<group>";
		};
		045DBED41D80251500CEAB63 /* Controller */ = {
			isa = PBXGroup;
			children = (
				045DBEF51D802A7600CEAB63 /* HyFlyViewController.h */,
				045DBEF61D802A7600CEAB63 /* HyFlyViewController.m */,
			);
			path = Controller;
			sourceTree = "<group>";
		};
		045DBED51D80251500CEAB63 /* Model */ = {
			isa = PBXGroup;
			children = (
				045DBF191D81712900CEAB63 /* HotTalk.h */,
				045DBF1A1D81712900CEAB63 /* HotTalk.m */,
			);
			path = Model;
			sourceTree = "<group>";
		};
		045DBED61D80251500CEAB63 /* View */ = {
			isa = PBXGroup;
			children = (
				045DBF0F1D81712300CEAB63 /* FellTableViewCell.h */,
				045DBF101D81712300CEAB63 /* FellTableViewCell.m */,
				045DBF111D81712300CEAB63 /* FellTableViewCell.xib */,
				045DBF121D81712300CEAB63 /* hotMoreView.h */,
				045DBF131D81712300CEAB63 /* hotMoreView.m */,
				045DBF141D81712300CEAB63 /* hotMoreView.xib */,
				045DBF0A1D8144AF00CEAB63 /* HyCustomScrollView.h */,
				045DBF0B1D8144AF00CEAB63 /* HyCustomScrollView.m */,
			);
			path = View;
			sourceTree = "<group>";
		};
		045DBED71D80251500CEAB63 /* Home */ = {
			isa = PBXGroup;
			children = (
				0413E0211D823D5C00CF0B66 /* Tool */,
				045DBED81D80251500CEAB63 /* Controller */,
				045DBED91D80251500CEAB63 /* Model */,
				045DBEDA1D80251500CEAB63 /* View */,
			);
			path = Home;
			sourceTree = "<group>";
		};
		045DBED81D80251500CEAB63 /* Controller */ = {
			isa = PBXGroup;
			children = (
				045DBEEF1D80259A00CEAB63 /* HyHomeViewController.h */,
				045DBEF01D80259A00CEAB63 /* HyHomeViewController.m */,
				045DBEFE1D80379500CEAB63 /* HyBaseViewController.h */,
				045DBEFF1D80379500CEAB63 /* HyBaseViewController.m */,
			);
			path = Controller;
			sourceTree = "<group>";
		};
		045DBED91D80251500CEAB63 /* Model */ = {
			isa = PBXGroup;
			children = (
			);
			path = Model;
			sourceTree = "<group>";
		};
		045DBEDA1D80251500CEAB63 /* View */ = {
			isa = PBXGroup;
			children = (
			);
			path = View;
			sourceTree = "<group>";
		};
		045DBEDB1D80251500CEAB63 /* icon */ = {
			isa = PBXGroup;
			children = (
				045DBEDC1D80251500CEAB63 /* Controller */,
				045DBEDD1D80251500CEAB63 /* Model */,
				045DBEDE1D80251500CEAB63 /* View */,
			);
			path = icon;
			sourceTree = "<group>";
		};
		045DBEDC1D80251500CEAB63 /* Controller */ = {
			isa = PBXGroup;
			children = (
			);
			path = Controller;
			sourceTree = "<group>";
		};
		045DBEDD1D80251500CEAB63 /* Model */ = {
			isa = PBXGroup;
			children = (
			);
			path = Model;
			sourceTree = "<group>";
		};
		045DBEDE1D80251500CEAB63 /* View */ = {
			isa = PBXGroup;
			children = (
			);
			path = View;
			sourceTree = "<group>";
		};
		045DBEDF1D80251500CEAB63 /* massage */ = {
			isa = PBXGroup;
			children = (
				045DBEE01D80251500CEAB63 /* Controller */,
				045DBEE11D80251500CEAB63 /* Model */,
				045DBEE21D80251500CEAB63 /* View */,
			);
			path = massage;
			sourceTree = "<group>";
		};
		045DBEE01D80251500CEAB63 /* Controller */ = {
			isa = PBXGroup;
			children = (
				045DBEF81D802A8E00CEAB63 /* HyMassageViewController.h */,
				045DBEF91D802A8E00CEAB63 /* HyMassageViewController.m */,
			);
			path = Controller;
			sourceTree = "<group>";
		};
		045DBEE11D80251500CEAB63 /* Model */ = {
			isa = PBXGroup;
			children = (
				044AC28F1D8EB61C00EC908C /* smallLableViewObject.h */,
				044AC2901D8EB61C00EC908C /* smallLableViewObject.m */,
				044AC27D1D8EB13300EC908C /* yisheng.h */,
				044AC27E1D8EB13300EC908C /* yisheng.m */,
			);
			path = Model;
			sourceTree = "<group>";
		};
		045DBEE21D80251500CEAB63 /* View */ = {
			isa = PBXGroup;
			children = (
				044AC28C1D8EB60B00EC908C /* smallLableView.h */,
				044AC28D1D8EB60B00EC908C /* smallLableView.m */,
				044AC2891D8EB5F200EC908C /* xinlingjitang1View.h */,
				044AC28A1D8EB5F200EC908C /* xinlingjitang1View.m */,
				044AC2851D8EB52F00EC908C /* xinlingjitang1.xib */,
				044AC2861D8EB52F00EC908C /* xinlingjitang2.xib */,
				044AC2801D8EB13D00EC908C /* HyTableViewCell.h */,
				044AC2811D8EB13D00EC908C /* HyTableViewCell.m */,
				044AC2821D8EB13D00EC908C /* HyTableViewCell.xib */,
				044AC2741D8E24D900EC908C /* TheYellowView.h */,
				044AC2751D8E24D900EC908C /* TheYellowView.m */,
				044AC27A1D8E6ABD00EC908C /* LittleButton.h */,
				044AC27B1D8E6ABD00EC908C /* LittleButton.m */,
			);
			path = View;
			sourceTree = "<group>";
		};
		045DBEE31D80251500CEAB63 /* me */ = {
			isa = PBXGroup;
			children = (
				045DBEE41D80251500CEAB63 /* Controller */,
				045DBEE51D80251500CEAB63 /* Model */,
				045DBEE61D80251500CEAB63 /* View */,
			);
			path = me;
			sourceTree = "<group>";
		};
		045DBEE41D80251500CEAB63 /* Controller */ = {
			isa = PBXGroup;
			children = (
			);
			path = Controller;
			sourceTree = "<group>";
		};
		045DBEE51D80251500CEAB63 /* Model */ = {
			isa = PBXGroup;
			children = (
			);
			path = Model;
			sourceTree = "<group>";
		};
		045DBEE61D80251500CEAB63 /* View */ = {
			isa = PBXGroup;
			children = (
			);
			path = View;
			sourceTree = "<group>";
		};
		045DBEE71D80251500CEAB63 /* Self */ = {
			isa = PBXGroup;
			children = (
				045DBEE81D80251600CEAB63 /* Controller */,
				045DBEE91D80251600CEAB63 /* Model */,
				045DBEEA1D80251600CEAB63 /* View */,
			);
			path = Self;
			sourceTree = "<group>";
		};
		045DBEE81D80251600CEAB63 /* Controller */ = {
			isa = PBXGroup;
			children = (
			);
			path = Controller;
			sourceTree = "<group>";
		};
		045DBEE91D80251600CEAB63 /* Model */ = {
			isa = PBXGroup;
			children = (
			);
			path = Model;
			sourceTree = "<group>";
		};
		045DBEEA1D80251600CEAB63 /* View */ = {
			isa = PBXGroup;
			children = (
			);
			path = View;
			sourceTree = "<group>";
		};
		045DBEEB1D80251600CEAB63 /* Set */ = {
			isa = PBXGroup;
			children = (
				045DBEEC1D80251600CEAB63 /* Controller */,
				045DBEED1D80251600CEAB63 /* Model */,
				045DBEEE1D80251600CEAB63 /* View */,
			);
			path = Set;
			sourceTree = "<group>";
		};
		045DBEEC1D80251600CEAB63 /* Controller */ = {
			isa = PBXGroup;
			children = (
				045DBEF21D802A5900CEAB63 /* HySetViewController.h */,
				045DBEF31D802A5900CEAB63 /* HySetViewController.m */,
			);
			path = Controller;
			sourceTree = "<group>";
		};
		045DBEED1D80251600CEAB63 /* Model */ = {
			isa = PBXGroup;
			children = (
			);
			path = Model;
			sourceTree = "<group>";
		};
		045DBEEE1D80251600CEAB63 /* View */ = {
			isa = PBXGroup;
			children = (
			);
			path = View;
			sourceTree = "<group>";
		};
		70F9D548164199934C4C7EAF /* Pods */ = {
			isa = PBXGroup;
			children = (
				11879738F75F0DF39013A748 /* Pods-Healer.debug.xcconfig */,
				48EAE4A167B92FDA2DE03321 /* Pods-Healer.release.xcconfig */,
				96ACD205A9A8C33865380285 /* Pods-HealerTests.debug.xcconfig */,
				35A687B0CBD5C316FD233EF5 /* Pods-HealerTests.release.xcconfig */,
				ABFA1F3E56E23CC645AB732D /* Pods-HealerUITests.debug.xcconfig */,
				082B2647332ECD851D530746 /* Pods-HealerUITests.release.xcconfig */,
			);
			name = Pods;
			sourceTree = "<group>";
		};
		96BE6BF6F539A2CD4951F4D0 /* Frameworks */ = {
			isa = PBXGroup;
			children = (
				041BAD371D9A5B7000E05B03 /* libz.tbd */,
				041BAD351D9A5B6700E05B03 /* libstdc++.tbd */,
				041BAD331D9A5B5500E05B03 /* CoreTelephony.framework */,
				041BAD311D9A5B4B00E05B03 /* libsqlite3.tbd */,
				041BAD2F1D9A5B3B00E05B03 /* CoreGraphics.framework */,
				041BAD2D1D9A5B2700E05B03 /* SystemConfiguration.framework */,
				041BAD2B1D9A5B1B00E05B03 /* libiconv.tbd */,
				041BAD291D9A5AEF00E05B03 /* Security.framework */,
				041BAC321D9A5A8F00E05B03 /* TencentOpenApi_IOS_Bundle.bundle */,
				041BAC331D9A5A8F00E05B03 /* TencentOpenAPI.framework */,
				7B8467715469124D0E7CB863 /* libPods-Healer.a */,
				7751DE73A49ADEF1E4ECA6E9 /* libPods-HealerTests.a */,
				88ED2B00D85A9EAEB157004C /* libPods-HealerUITests.a */,
			);
			name = Frameworks;
			sourceTree = "<group>";
		};
/* End PBXGroup section */

/* Begin PBXNativeTarget section */
		045DBE901D80220F00CEAB63 /* Healer */ = {
			isa = PBXNativeTarget;
			buildConfigurationList = 045DBEC11D80220F00CEAB63 /* Build configuration list for PBXNativeTarget "Healer" */;
			buildPhases = (
				8E165DE07B48C6857EA09B27 /* [CP] Check Pods Manifest.lock */,
				045DBE8D1D80220F00CEAB63 /* Sources */,
				045DBE8E1D80220F00CEAB63 /* Frameworks */,
				045DBE8F1D80220F00CEAB63 /* Resources */,
				DE3500EF7D6A5893F9930058 /* [CP] Embed Pods Frameworks */,
				90CB76B5AB0072454E2276A5 /* [CP] Copy Pods Resources */,
			);
			buildRules = (
			);
			dependencies = (
			);
			name = Healer;
			productName = Healer;
			productReference = 045DBE911D80220F00CEAB63 /* Healer.app */;
			productType = "com.apple.product-type.application";
		};
		045DBEAC1D80220F00CEAB63 /* HealerTests */ = {
			isa = PBXNativeTarget;
			buildConfigurationList = 045DBEC41D80220F00CEAB63 /* Build configuration list for PBXNativeTarget "HealerTests" */;
			buildPhases = (
				7802390C2D0D04ED46CF8CC1 /* [CP] Check Pods Manifest.lock */,
				045DBEA91D80220F00CEAB63 /* Sources */,
				045DBEAA1D80220F00CEAB63 /* Frameworks */,
				045DBEAB1D80220F00CEAB63 /* Resources */,
				F7A3CD63B41C7ADE4239D994 /* [CP] Embed Pods Frameworks */,
				20A4F6CFE1A60A5D3B1E542D /* [CP] Copy Pods Resources */,
			);
			buildRules = (
			);
			dependencies = (
				045DBEAF1D80220F00CEAB63 /* PBXTargetDependency */,
			);
			name = HealerTests;
			productName = HealerTests;
			productReference = 045DBEAD1D80220F00CEAB63 /* HealerTests.xctest */;
			productType = "com.apple.product-type.bundle.unit-test";
		};
		045DBEB71D80220F00CEAB63 /* HealerUITests */ = {
			isa = PBXNativeTarget;
			buildConfigurationList = 045DBEC71D80220F00CEAB63 /* Build configuration list for PBXNativeTarget "HealerUITests" */;
			buildPhases = (
				C3EBE5461CD39EA1F0F1F3DF /* [CP] Check Pods Manifest.lock */,
				045DBEB41D80220F00CEAB63 /* Sources */,
				045DBEB51D80220F00CEAB63 /* Frameworks */,
				045DBEB61D80220F00CEAB63 /* Resources */,
				0A1321BCDE5B9F57D808FEFF /* [CP] Copy Pods Resources */,
			);
			buildRules = (
			);
			dependencies = (
				045DBEBA1D80220F00CEAB63 /* PBXTargetDependency */,
			);
			name = HealerUITests;
			productName = HealerUITests;
			productReference = 045DBEB81D80220F00CEAB63 /* HealerUITests.xctest */;
			productType = "com.apple.product-type.bundle.ui-testing";
		};
/* End PBXNativeTarget section */

/* Begin PBXProject section */
		045DBE891D80220F00CEAB63 /* Project object */ = {
			isa = PBXProject;
			attributes = {
				LastUpgradeCheck = 0730;
				ORGANIZATIONNAME = LiHongYu;
				TargetAttributes = {
					045DBE901D80220F00CEAB63 = {
						CreatedOnToolsVersion = 7.3;
					};
					045DBEAC1D80220F00CEAB63 = {
						CreatedOnToolsVersion = 7.3;
						TestTargetID = 045DBE901D80220F00CEAB63;
					};
					045DBEB71D80220F00CEAB63 = {
						CreatedOnToolsVersion = 7.3;
						TestTargetID = 045DBE901D80220F00CEAB63;
					};
				};
			};
			buildConfigurationList = 045DBE8C1D80220F00CEAB63 /* Build configuration list for PBXProject "Healer" */;
			compatibilityVersion = "Xcode 3.2";
			developmentRegion = English;
			hasScannedForEncodings = 0;
			knownRegions = (
				en,
				Base,
				ja,
			);
			mainGroup = 045DBE881D80220F00CEAB63;
			productRefGroup = 045DBE921D80220F00CEAB63 /* Products */;
			projectDirPath = "";
			projectRoot = "";
			targets = (
				045DBE901D80220F00CEAB63 /* Healer */,
				045DBEAC1D80220F00CEAB63 /* HealerTests */,
				045DBEB71D80220F00CEAB63 /* HealerUITests */,
			);
		};
/* End PBXProject section */

/* Begin PBXResourcesBuildPhase section */
		045DBE8F1D80220F00CEAB63 /* Resources */ = {
			isa = PBXResourcesBuildPhase;
			buildActionMask = 2147483647;
			files = (
				044AC2871D8EB52F00EC908C /* xinlingjitang1.xib in Resources */,
				045DBF161D81712300CEAB63 /* FellTableViewCell.xib in Resources */,
				049593801D9947B9007227CC /* HyFindPasswordViewController.xib in Resources */,
				044AC2841D8EB13D00EC908C /* HyTableViewCell.xib in Resources */,
				0457851C1D9938EE00DCC063 /* HyLoginViewController.xib in Resources */,
				045DBEA41D80220F00CEAB63 /* Assets.xcassets in Resources */,
				04E6D3EE1D9956C100C67001 /* HySignViewController.xib in Resources */,
				041BAD191D9A5A8F00E05B03 /* TencentOpenApi_IOS_Bundle.bundle in Resources */,
				044AC2881D8EB52F00EC908C /* xinlingjitang2.xib in Resources */,
				045DBF1D1D8179BA00CEAB63 /* hottalk.plist in Resources */,
				045DBF181D81712300CEAB63 /* hotMoreView.xib in Resources */,
				041BAA881D9A304F00E05B03 /* SVProgressHUD.bundle in Resources */,
			);
			runOnlyForDeploymentPostprocessing = 0;
		};
		045DBEAB1D80220F00CEAB63 /* Resources */ = {
			isa = PBXResourcesBuildPhase;
			buildActionMask = 2147483647;
			files = (
			);
			runOnlyForDeploymentPostprocessing = 0;
		};
		045DBEB61D80220F00CEAB63 /* Resources */ = {
			isa = PBXResourcesBuildPhase;
			buildActionMask = 2147483647;
			files = (
			);
			runOnlyForDeploymentPostprocessing = 0;
		};
/* End PBXResourcesBuildPhase section */

/* Begin PBXShellScriptBuildPhase section */
		0A1321BCDE5B9F57D808FEFF /* [CP] Copy Pods Resources */ = {
			isa = PBXShellScriptBuildPhase;
			buildActionMask = 2147483647;
			files = (
			);
			inputPaths = (
			);
			name = "[CP] Copy Pods Resources";
			outputPaths = (
			);
			runOnlyForDeploymentPostprocessing = 0;
			shellPath = /bin/sh;
			shellScript = "\"${SRCROOT}/Pods/Target Support Files/Pods-HealerUITests/Pods-HealerUITests-resources.sh\"\n";
			showEnvVarsInLog = 0;
		};
		20A4F6CFE1A60A5D3B1E542D /* [CP] Copy Pods Resources */ = {
			isa = PBXShellScriptBuildPhase;
			buildActionMask = 2147483647;
			files = (
			);
			inputPaths = (
			);
			name = "[CP] Copy Pods Resources";
			outputPaths = (
			);
			runOnlyForDeploymentPostprocessing = 0;
			shellPath = /bin/sh;
			shellScript = "\"${SRCROOT}/Pods/Target Support Files/Pods-HealerTests/Pods-HealerTests-resources.sh\"\n";
			showEnvVarsInLog = 0;
		};
		7802390C2D0D04ED46CF8CC1 /* [CP] Check Pods Manifest.lock */ = {
			isa = PBXShellScriptBuildPhase;
			buildActionMask = 2147483647;
			files = (
			);
			inputPaths = (
			);
			name = "[CP] Check Pods Manifest.lock";
			outputPaths = (
			);
			runOnlyForDeploymentPostprocessing = 0;
			shellPath = /bin/sh;
			shellScript = "diff \"${PODS_ROOT}/../Podfile.lock\" \"${PODS_ROOT}/Manifest.lock\" > /dev/null\nif [[ $? != 0 ]] ; then\n    cat << EOM\nerror: The sandbox is not in sync with the Podfile.lock. Run 'pod install' or update your CocoaPods installation.\nEOM\n    exit 1\nfi\n";
			showEnvVarsInLog = 0;
		};
		8E165DE07B48C6857EA09B27 /* [CP] Check Pods Manifest.lock */ = {
			isa = PBXShellScriptBuildPhase;
			buildActionMask = 2147483647;
			files = (
			);
			inputPaths = (
			);
			name = "[CP] Check Pods Manifest.lock";
			outputPaths = (
			);
			runOnlyForDeploymentPostprocessing = 0;
			shellPath = /bin/sh;
			shellScript = "diff \"${PODS_ROOT}/../Podfile.lock\" \"${PODS_ROOT}/Manifest.lock\" > /dev/null\nif [[ $? != 0 ]] ; then\n    cat << EOM\nerror: The sandbox is not in sync with the Podfile.lock. Run 'pod install' or update your CocoaPods installation.\nEOM\n    exit 1\nfi\n";
			showEnvVarsInLog = 0;
		};
		90CB76B5AB0072454E2276A5 /* [CP] Copy Pods Resources */ = {
			isa = PBXShellScriptBuildPhase;
			buildActionMask = 2147483647;
			files = (
			);
			inputPaths = (
			);
			name = "[CP] Copy Pods Resources";
			outputPaths = (
			);
			runOnlyForDeploymentPostprocessing = 0;
			shellPath = /bin/sh;
			shellScript = "\"${SRCROOT}/Pods/Target Support Files/Pods-Healer/Pods-Healer-resources.sh\"\n";
			showEnvVarsInLog = 0;
		};
		C3EBE5461CD39EA1F0F1F3DF /* [CP] Check Pods Manifest.lock */ = {
			isa = PBXShellScriptBuildPhase;
			buildActionMask = 2147483647;
			files = (
			);
			inputPaths = (
			);
			name = "[CP] Check Pods Manifest.lock";
			outputPaths = (
			);
			runOnlyForDeploymentPostprocessing = 0;
			shellPath = /bin/sh;
			shellScript = "diff \"${PODS_ROOT}/../Podfile.lock\" \"${PODS_ROOT}/Manifest.lock\" > /dev/null\nif [[ $? != 0 ]] ; then\n    cat << EOM\nerror: The sandbox is not in sync with the Podfile.lock. Run 'pod install' or update your CocoaPods installation.\nEOM\n    exit 1\nfi\n";
			showEnvVarsInLog = 0;
		};
		DE3500EF7D6A5893F9930058 /* [CP] Embed Pods Frameworks */ = {
			isa = PBXShellScriptBuildPhase;
			buildActionMask = 2147483647;
			files = (
			);
			inputPaths = (
			);
			name = "[CP] Embed Pods Frameworks";
			outputPaths = (
			);
			runOnlyForDeploymentPostprocessing = 0;
			shellPath = /bin/sh;
			shellScript = "\"${SRCROOT}/Pods/Target Support Files/Pods-Healer/Pods-Healer-frameworks.sh\"\n";
			showEnvVarsInLog = 0;
		};
		F7A3CD63B41C7ADE4239D994 /* [CP] Embed Pods Frameworks */ = {
			isa = PBXShellScriptBuildPhase;
			buildActionMask = 2147483647;
			files = (
			);
			inputPaths = (
			);
			name = "[CP] Embed Pods Frameworks";
			outputPaths = (
			);
			runOnlyForDeploymentPostprocessing = 0;
			shellPath = /bin/sh;
			shellScript = "\"${SRCROOT}/Pods/Target Support Files/Pods-HealerTests/Pods-HealerTests-frameworks.sh\"\n";
			showEnvVarsInLog = 0;
		};
/* End PBXShellScriptBuildPhase section */

/* Begin PBXSourcesBuildPhase section */
		045DBE8D1D80220F00CEAB63 /* Sources */ = {
			isa = PBXSourcesBuildPhase;
			buildActionMask = 2147483647;
			files = (
				041BAD861D9A97E300E05B03 /* HyForgetPasswordParam.m in Sources */,
				044AC2911D8EB61C00EC908C /* smallLableViewObject.m in Sources */,
				041BAA871D9A304F00E05B03 /* SVProgressAnimatedView.m in Sources */,
				041BAD731D9A97C900E05B03 /* HyAccountTool.m in Sources */,
				044AC2831D8EB13D00EC908C /* HyTableViewCell.m in Sources */,
				044AC28E1D8EB60B00EC908C /* smallLableView.m in Sources */,
				044AC27F1D8EB13300EC908C /* yisheng.m in Sources */,
				041BAD8A1D9A97E300E05B03 /* HySignParam.m in Sources */,
				045DBEA21D80220F00CEAB63 /* Healer.xcdatamodeld in Sources */,
				045DBF0C1D8144AF00CEAB63 /* HyCustomScrollView.m in Sources */,
				045DBEF41D802A5900CEAB63 /* HySetViewController.m in Sources */,
				041BAD8B1D9A97E300E05B03 /* HySignResult.m in Sources */,
				041BAD871D9A97E300E05B03 /* HyForgetPasswordResult.m in Sources */,
				044AC28B1D8EB5F200EC908C /* xinlingjitang1View.m in Sources */,
				041BAD6C1D9A97A600E05B03 /* HyBaseParam.m in Sources */,
				041BAA891D9A304F00E05B03 /* SVProgressHUD.m in Sources */,
				041BAA771D9A0CBE00E05B03 /* HyWelcomeViewController.m in Sources */,
				045DBE961D80220F00CEAB63 /* main.m in Sources */,
				042EC9C01D9A9FB80060F7B7 /* HyGetCodeResult.m in Sources */,
				045DBF151D81712300CEAB63 /* FellTableViewCell.m in Sources */,
				041BAD741D9A97C900E05B03 /* HyHttpTool.m in Sources */,
				041BAA861D9A304F00E05B03 /* SVIndefiniteAnimatedView.m in Sources */,
				044AC27C1D8E6ABD00EC908C /* LittleButton.m in Sources */,
				041BAD881D9A97E300E05B03 /* HyLoginParam.m in Sources */,
				045DBEFA1D802A8E00CEAB63 /* HyMassageViewController.m in Sources */,
				041BAD891D9A97E300E05B03 /* HyLoginResult.m in Sources */,
				045DBF001D80379500CEAB63 /* HyBaseViewController.m in Sources */,
				042EC9BD1D9A9E030060F7B7 /* HyLoginHttpTool.m in Sources */,
				044AC2761D8E24D900EC908C /* TheYellowView.m in Sources */,
				041BAD6D1D9A97A600E05B03 /* HyBaseResult.m in Sources */,
				045DBEF71D802A7600CEAB63 /* HyFlyViewController.m in Sources */,
				041BAA8A1D9A304F00E05B03 /* SVRadialGradientLayer.m in Sources */,
				045DBEF11D80259A00CEAB63 /* HyHomeViewController.m in Sources */,
				04E6D3ED1D9956C100C67001 /* HySignViewController.m in Sources */,
				045DBF171D81712300CEAB63 /* hotMoreView.m in Sources */,
				045DBED11D8023BB00CEAB63 /* AppDelegate.m in Sources */,
				0495937F1D9947B9007227CC /* HyFindPasswordViewController.m in Sources */,
				045DBF1B1D81712900CEAB63 /* HotTalk.m in Sources */,
				0457851B1D9938EE00DCC063 /* HyLoginViewController.m in Sources */,
			);
			runOnlyForDeploymentPostprocessing = 0;
		};
		045DBEA91D80220F00CEAB63 /* Sources */ = {
			isa = PBXSourcesBuildPhase;
			buildActionMask = 2147483647;
			files = (
				045DBEB21D80220F00CEAB63 /* HealerTests.m in Sources */,
			);
			runOnlyForDeploymentPostprocessing = 0;
		};
		045DBEB41D80220F00CEAB63 /* Sources */ = {
			isa = PBXSourcesBuildPhase;
			buildActionMask = 2147483647;
			files = (
				045DBEBD1D80220F00CEAB63 /* HealerUITests.m in Sources */,
			);
			runOnlyForDeploymentPostprocessing = 0;
		};
/* End PBXSourcesBuildPhase section */

/* Begin PBXTargetDependency section */
		045DBEAF1D80220F00CEAB63 /* PBXTargetDependency */ = {
			isa = PBXTargetDependency;
			target = 045DBE901D80220F00CEAB63 /* Healer */;
			targetProxy = 045DBEAE1D80220F00CEAB63 /* PBXContainerItemProxy */;
		};
		045DBEBA1D80220F00CEAB63 /* PBXTargetDependency */ = {
			isa = PBXTargetDependency;
			target = 045DBE901D80220F00CEAB63 /* Healer */;
			targetProxy = 045DBEB91D80220F00CEAB63 /* PBXContainerItemProxy */;
		};
/* End PBXTargetDependency section */

/* Begin XCBuildConfiguration section */
		045DBEBF1D80220F00CEAB63 /* Debug */ = {
			isa = XCBuildConfiguration;
			buildSettings = {
				ALWAYS_SEARCH_USER_PATHS = NO;
				CLANG_ANALYZER_NONNULL = YES;
				CLANG_CXX_LANGUAGE_STANDARD = "gnu++0x";
				CLANG_CXX_LIBRARY = "libc++";
				CLANG_ENABLE_MODULES = YES;
				CLANG_ENABLE_OBJC_ARC = YES;
				CLANG_WARN_BOOL_CONVERSION = YES;
				CLANG_WARN_CONSTANT_CONVERSION = YES;
				CLANG_WARN_DIRECT_OBJC_ISA_USAGE = YES_ERROR;
				CLANG_WARN_EMPTY_BODY = YES;
				CLANG_WARN_ENUM_CONVERSION = YES;
				CLANG_WARN_INT_CONVERSION = YES;
				CLANG_WARN_OBJC_ROOT_CLASS = YES_ERROR;
				CLANG_WARN_UNREACHABLE_CODE = YES;
				CLANG_WARN__DUPLICATE_METHOD_MATCH = YES;
				"CODE_SIGN_IDENTITY[sdk=iphoneos*]" = "iPhone Developer";
				COPY_PHASE_STRIP = NO;
				DEBUG_INFORMATION_FORMAT = dwarf;
				ENABLE_STRICT_OBJC_MSGSEND = YES;
				ENABLE_TESTABILITY = YES;
				GCC_C_LANGUAGE_STANDARD = gnu99;
				GCC_DYNAMIC_NO_PIC = NO;
				GCC_NO_COMMON_BLOCKS = YES;
				GCC_OPTIMIZATION_LEVEL = 0;
				GCC_PREPROCESSOR_DEFINITIONS = (
					"DEBUG=1",
					"$(inherited)",
				);
				GCC_WARN_64_TO_32_BIT_CONVERSION = YES;
				GCC_WARN_ABOUT_RETURN_TYPE = YES_ERROR;
				GCC_WARN_UNDECLARED_SELECTOR = YES;
				GCC_WARN_UNINITIALIZED_AUTOS = YES_AGGRESSIVE;
				GCC_WARN_UNUSED_FUNCTION = YES;
				GCC_WARN_UNUSED_VARIABLE = YES;
				IPHONEOS_DEPLOYMENT_TARGET = 9.3;
				MTL_ENABLE_DEBUG_INFO = YES;
				ONLY_ACTIVE_ARCH = YES;
				SDKROOT = iphoneos;
			};
			name = Debug;
		};
		045DBEC01D80220F00CEAB63 /* Release */ = {
			isa = XCBuildConfiguration;
			buildSettings = {
				ALWAYS_SEARCH_USER_PATHS = NO;
				CLANG_ANALYZER_NONNULL = YES;
				CLANG_CXX_LANGUAGE_STANDARD = "gnu++0x";
				CLANG_CXX_LIBRARY = "libc++";
				CLANG_ENABLE_MODULES = YES;
				CLANG_ENABLE_OBJC_ARC = YES;
				CLANG_WARN_BOOL_CONVERSION = YES;
				CLANG_WARN_CONSTANT_CONVERSION = YES;
				CLANG_WARN_DIRECT_OBJC_ISA_USAGE = YES_ERROR;
				CLANG_WARN_EMPTY_BODY = YES;
				CLANG_WARN_ENUM_CONVERSION = YES;
				CLANG_WARN_INT_CONVERSION = YES;
				CLANG_WARN_OBJC_ROOT_CLASS = YES_ERROR;
				CLANG_WARN_UNREACHABLE_CODE = YES;
				CLANG_WARN__DUPLICATE_METHOD_MATCH = YES;
				"CODE_SIGN_IDENTITY[sdk=iphoneos*]" = "iPhone Developer";
				COPY_PHASE_STRIP = NO;
				DEBUG_INFORMATION_FORMAT = "dwarf-with-dsym";
				ENABLE_NS_ASSERTIONS = NO;
				ENABLE_STRICT_OBJC_MSGSEND = YES;
				GCC_C_LANGUAGE_STANDARD = gnu99;
				GCC_NO_COMMON_BLOCKS = YES;
				GCC_WARN_64_TO_32_BIT_CONVERSION = YES;
				GCC_WARN_ABOUT_RETURN_TYPE = YES_ERROR;
				GCC_WARN_UNDECLARED_SELECTOR = YES;
				GCC_WARN_UNINITIALIZED_AUTOS = YES_AGGRESSIVE;
				GCC_WARN_UNUSED_FUNCTION = YES;
				GCC_WARN_UNUSED_VARIABLE = YES;
				IPHONEOS_DEPLOYMENT_TARGET = 9.3;
				MTL_ENABLE_DEBUG_INFO = NO;
				SDKROOT = iphoneos;
				VALIDATE_PRODUCT = YES;
			};
			name = Release;
		};
		045DBEC21D80220F00CEAB63 /* Debug */ = {
			isa = XCBuildConfiguration;
			baseConfigurationReference = 11879738F75F0DF39013A748 /* Pods-Healer.debug.xcconfig */;
			buildSettings = {
				ASSETCATALOG_COMPILER_APPICON_NAME = AppIcon;
				ENABLE_BITCODE = NO;
				FRAMEWORK_SEARCH_PATHS = (
					"$(inherited)",
					"$(PROJECT_DIR)/Healer/Libs",
					"$(PROJECT_DIR)/Healer/Libs/AFNetworking",
				);
				INFOPLIST_FILE = Healer/Info.plist;
				LD_RUNPATH_SEARCH_PATHS = "$(inherited) @executable_path/Frameworks";
				OTHER_LIBTOOLFLAGS = "-fobjc-arc";
				PRODUCT_BUNDLE_IDENTIFIER = Hy.Healer;
				PRODUCT_NAME = "$(TARGET_NAME)";
			};
			name = Debug;
		};
		045DBEC31D80220F00CEAB63 /* Release */ = {
			isa = XCBuildConfiguration;
			baseConfigurationReference = 48EAE4A167B92FDA2DE03321 /* Pods-Healer.release.xcconfig */;
			buildSettings = {
				ASSETCATALOG_COMPILER_APPICON_NAME = AppIcon;
				ENABLE_BITCODE = NO;
				FRAMEWORK_SEARCH_PATHS = (
					"$(inherited)",
					"$(PROJECT_DIR)/Healer/Libs",
					"$(PROJECT_DIR)/Healer/Libs/AFNetworking",
				);
				INFOPLIST_FILE = Healer/Info.plist;
				LD_RUNPATH_SEARCH_PATHS = "$(inherited) @executable_path/Frameworks";
				OTHER_LIBTOOLFLAGS = "-fobjc-arc";
				PRODUCT_BUNDLE_IDENTIFIER = Hy.Healer;
				PRODUCT_NAME = "$(TARGET_NAME)";
			};
			name = Release;
		};
		045DBEC51D80220F00CEAB63 /* Debug */ = {
			isa = XCBuildConfiguration;
			baseConfigurationReference = 96ACD205A9A8C33865380285 /* Pods-HealerTests.debug.xcconfig */;
			buildSettings = {
				BUNDLE_LOADER = "$(TEST_HOST)";
				INFOPLIST_FILE = HealerTests/Info.plist;
				LD_RUNPATH_SEARCH_PATHS = "$(inherited) @executable_path/Frameworks @loader_path/Frameworks";
				PRODUCT_BUNDLE_IDENTIFIER = Hy.HealerTests;
				PRODUCT_NAME = "$(TARGET_NAME)";
				TEST_HOST = "$(BUILT_PRODUCTS_DIR)/Healer.app/Healer";
			};
			name = Debug;
		};
		045DBEC61D80220F00CEAB63 /* Release */ = {
			isa = XCBuildConfiguration;
			baseConfigurationReference = 35A687B0CBD5C316FD233EF5 /* Pods-HealerTests.release.xcconfig */;
			buildSettings = {
				BUNDLE_LOADER = "$(TEST_HOST)";
				INFOPLIST_FILE = HealerTests/Info.plist;
				LD_RUNPATH_SEARCH_PATHS = "$(inherited) @executable_path/Frameworks @loader_path/Frameworks";
				PRODUCT_BUNDLE_IDENTIFIER = Hy.HealerTests;
				PRODUCT_NAME = "$(TARGET_NAME)";
				TEST_HOST = "$(BUILT_PRODUCTS_DIR)/Healer.app/Healer";
			};
			name = Release;
		};
		045DBEC81D80220F00CEAB63 /* Debug */ = {
			isa = XCBuildConfiguration;
			baseConfigurationReference = ABFA1F3E56E23CC645AB732D /* Pods-HealerUITests.debug.xcconfig */;
			buildSettings = {
				INFOPLIST_FILE = HealerUITests/Info.plist;
				LD_RUNPATH_SEARCH_PATHS = "$(inherited) @executable_path/Frameworks @loader_path/Frameworks";
				PRODUCT_BUNDLE_IDENTIFIER = Hy.HealerUITests;
				PRODUCT_NAME = "$(TARGET_NAME)";
				TEST_TARGET_NAME = Healer;
			};
			name = Debug;
		};
		045DBEC91D80220F00CEAB63 /* Release */ = {
			isa = XCBuildConfiguration;
			baseConfigurationReference = 082B2647332ECD851D530746 /* Pods-HealerUITests.release.xcconfig */;
			buildSettings = {
				INFOPLIST_FILE = HealerUITests/Info.plist;
				LD_RUNPATH_SEARCH_PATHS = "$(inherited) @executable_path/Frameworks @loader_path/Frameworks";
				PRODUCT_BUNDLE_IDENTIFIER = Hy.HealerUITests;
				PRODUCT_NAME = "$(TARGET_NAME)";
				TEST_TARGET_NAME = Healer;
			};
			name = Release;
		};
/* End XCBuildConfiguration section */

/* Begin XCConfigurationList section */
		045DBE8C1D80220F00CEAB63 /* Build configuration list for PBXProject "Healer" */ = {
			isa = XCConfigurationList;
			buildConfigurations = (
				045DBEBF1D80220F00CEAB63 /* Debug */,
				045DBEC01D80220F00CEAB63 /* Release */,
			);
			defaultConfigurationIsVisible = 0;
			defaultConfigurationName = Release;
		};
		045DBEC11D80220F00CEAB63 /* Build configuration list for PBXNativeTarget "Healer" */ = {
			isa = XCConfigurationList;
			buildConfigurations = (
				045DBEC21D80220F00CEAB63 /* Debug */,
				045DBEC31D80220F00CEAB63 /* Release */,
			);
			defaultConfigurationIsVisible = 0;
			defaultConfigurationName = Release;
		};
		045DBEC41D80220F00CEAB63 /* Build configuration list for PBXNativeTarget "HealerTests" */ = {
			isa = XCConfigurationList;
			buildConfigurations = (
				045DBEC51D80220F00CEAB63 /* Debug */,
				045DBEC61D80220F00CEAB63 /* Release */,
			);
			defaultConfigurationIsVisible = 0;
			defaultConfigurationName = Release;
		};
		045DBEC71D80220F00CEAB63 /* Build configuration list for PBXNativeTarget "HealerUITests" */ = {
			isa = XCConfigurationList;
			buildConfigurations = (
				045DBEC81D80220F00CEAB63 /* Debug */,
				045DBEC91D80220F00CEAB63 /* Release */,
			);
			defaultConfigurationIsVisible = 0;
			defaultConfigurationName = Release;
		};
/* End XCConfigurationList section */

/* Begin XCVersionGroup section */
		045DBEA01D80220F00CEAB63 /* Healer.xcdatamodeld */ = {
			isa = XCVersionGroup;
			children = (
				045DBEA11D80220F00CEAB63 /* Healer.xcdatamodel */,
			);
			currentVersion = 045DBEA11D80220F00CEAB63 /* Healer.xcdatamodel */;
			path = Healer.xcdatamodeld;
			sourceTree = "<group>";
			versionGroupType = wrapper.xcdatamodel;
		};
/* End XCVersionGroup section */
	};
	rootObject = 045DBE891D80220F00CEAB63 /* Project object */;
}
